cloudeng.io/path v0.0.9 h1:4kqfJ2OJwScl4E+iTo41ofV+pc4y8ZevAfUVkGSNALI=
cloudeng.io/path v0.0.9/go.mod h1:ZNgON0dxZp8dA2igYqywNcB3cEc5cvJniYaYVPWy3l8=
github.com/google/pprof v0.0.0-20240130152714-0ed6a68c8d9e h1:E+3PBMCXn0ma79O7iCrne0iUpKtZ7rIcZvoz+jNtNtw=
github.com/google/pprof v0.0.0-20240130152714-0ed6a68c8d9e/go.mod h1:czg5+yv1E0ZGTi6S6vVK1mke0fV+FaUhNGcd6VRS9Ik=
golang.org/x/mod v0.14.0 h1:dGoOF9QVLYng8IHTm7BAyWqCqSheQ5pYWGhzW00YJr0=
golang.org/x/mod v0.14.0/go.mod h1:hTbmBsO62+eylJbnUtE2MGJUyE7QWk4xUqPFrRgJ+7c=
