cloudeng.io/errors v0.0.9 h1:gHv7vqtI8pvhjJFsu4d60bYwOaT9sM6tn0ykoaw11WA=
cloudeng.io/errors v0.0.9/go.mod h1:xWamLL6tn3roKI6MRRFkw1jUkJL9s7CJzFYfaxuhHZk=
golang.org/x/mod v0.21.0 h1:vvrHzRwRfVKSiLrG+d4FMl/Qi4ukBCE6kZlTUkDYRT0=
golang.org/x/mod v0.21.0/go.mod h1:6SkKJ3Xj0I0BrPOZoBy3bdMptDDU9oJrpohJ3eWZ1fY=
