cloudeng.io/datetime v0.0.0-20260114022837-ddf7a119f076 h1:DmQHjqVG96ytNn7xBMojmgEiMyqGfCK+fXPyq8c2rtg=
cloudeng.io/datetime v0.0.0-20260114022837-ddf7a119f076/go.mod h1:Ga3GzLcYdr3L5ZBZJoe/7zFPdSarifRuP6F2kEkXYH8=
github.com/mooncaker816/learnmeeus/v3 v3.0.0-20180601123323-8217f4131761 h1:vYedVmd5TrlJ81C2+/cpTWBB4TNosKI+/ZX+xsVfxmw=
github.com/mooncaker816/learnmeeus/v3 v3.0.0-20180601123323-8217f4131761/go.mod h1:8wv0gR1RFJAL+HmFF56VgVmoi+yJUcPWtJfboy31AQo=
github.com/nathan-osman/go-sunrise v1.1.0 h1:ZqZmtmtzs8Os/DGQYi0YMHpuUqR/iRoJK+wDO0wTCw8=
github.com/nathan-osman/go-sunrise v1.1.0/go.mod h1:RcWqhT+5ShCZDev79GuWLayetpJp78RSjSWxiDowmlM=
github.com/soniakeys/sexagesimal v1.0.0 h1:p4OW7ID1naq0+k0Sn/gvuS2hRgmEcuJrZeyyntOGLvU=
github.com/soniakeys/sexagesimal v1.0.0/go.mod h1:/7psACvkUx/IZ1XX3HDdBci1Lz1ZObcjLX2MVVKI3rM=
github.com/soniakeys/unit v1.0.0 h1:UMIgu6dxDQaK6tYaQV6dJn5oovB6035KRxCS0O7Jiec=
github.com/soniakeys/unit v1.0.0/go.mod h1:z93o2tO/hJA2+Wr1Fozkt3jK4LyDwTfRCjyRFLAa4zk=
