cloudeng.io/file v0.0.0-20240214013242-3c0d4550fc32 h1:+GnLZFqbEFla0+woaG426swMj9vVNyu7zGSwrIynFc8=
cloudeng.io/file v0.0.0-20240214013242-3c0d4550fc32/go.mod h1:YXIkqlmkw3GwyT3q+MzulnH5V613GwSQcCCgmc0qQoQ=
cloudeng.io/sys v0.0.0-20231215020541-6e96c2291daf h1:C/WE2meGf5vsdPKFy7Gvyr5TH68e/ixPvz5OAjOHJEI=
cloudeng.io/sys v0.0.0-20231215020541-6e96c2291daf/go.mod h1:/68XpG0RtUrrYfLQWtmG0zjYwubYe/CIvipnMnlX10A=
cloudeng.io/sys v0.0.0-20240204011218-453d510d0c93/go.mod h1:ss1F/goB75czXadUWpagfam7BQGglfi+9JvY6QjmOfo=
golang.org/x/sys v0.15.0 h1:h48lPFYpsTvQJZF4EKyI4aLHaev3CxivZmv7yZig9pc=
golang.org/x/sys v0.15.0/go.mod h1:/VUhepiaJMQUp4+oa/7Zr1D23ma6VTLIYjOOTFZPUcA=
golang.org/x/sys v0.16.0/go.mod h1:/VUhepiaJMQUp4+oa/7Zr1D23ma6VTLIYjOOTFZPUcA=
