cloudeng.io/algo v0.0.0-20260924205302-bd172fb4ec86 h1:WfS7eLOOW7ew9I7eNkj13nb1liZSC+mYTduZGpIQAkI=
cloudeng.io/errors v0.0.14-0.20260312171538-61fcde6ce278 h1:zvkZ9WBpBjerUAhl+SLCcQLar2mNdsA0kFc0Ku5NKVQ=
cloudeng.io/errors v0.0.14-0.20260312171538-61fcde6ce278/go.mod h1:6TivTMjXopNNZ0eNsac9MfYij1WC6R0gJcsSIxcunIA=
cloudeng.io/file v0.0.0-20260909165456-ddaa2de546a0 h1:uaBQFEqApaNmGbkzCUe8nCsOw/T5XaXvASx9wwAypwo=
cloudeng.io/file v0.0.0-20260909165456-ddaa2de546a0/go.mod h1:3jg38Uclb1yPySdpz9hbcz4S4MmZaQNIgXA2bNtGOkQ=
cloudeng.io/os v0.0.0-20260917173125-352abbdf5da1 h1:J+lAZ9cXfQTf5vcvdH33aW3AVQcigUKrBF5lDAfqKHA=
cloudeng.io/os v0.0.0-20260917173125-352abbdf5da1/go.mod h1:3wI/wxDFez9iRde3tr30zEIpaPtw8EMZbJpfIEOa7yw=
cloudeng.io/sync v0.0.12-0.20260804222138-e9281ed260ba h1:2+U9tNRu/+O1rHgv2mxRTU80lgUCJSxDFDswbKumBx8=
cloudeng.io/sync v0.0.12-0.20260804222138-e9281ed260ba/go.mod h1:35kcugrX/RVGQjSfyLMciOCloX34nFfnkQsdks75Ao0=
golang.org/x/sync v0.23.0 h1:KameEIfc1IkluZyXWLn39Wd4tURc6GbCiISGiZm2bQk=
golang.org/x/sync v0.23.0/go.mod h1:sUUOizhqBxiL6pEWpqNLUiaJn1ShEbZ6BBqskPbjZm0=
golang.org/x/sys v0.48.0 h1:bbX/i/6MgT9BVLM9RT1thmxL04yeTAhbEz4SyadbXoo=
golang.org/x/sys v0.48.0/go.mod h1:hNLxWAXmnKAxqDtdwIYC4bM9oQPEecfsnNMuSxOs3og=
