cloudeng.io/file v0.0.0-20250119024745-8a46e9bdda10 h1:beVESn7Y/6FM4aW3Z9ATTPaPEeDf/mDjD10r+VIxnD8=
cloudeng.io/file v0.0.0-20250119024745-8a46e9bdda10/go.mod h1:cpn65256dvwrs7+iULJk+DSTiCtzVdb9ojENSHNQUkE=
github.com/keybase/go-keychain v0.0.1 h1:way+bWYa6lDppZoZcgMbYsvC7GxljxrskdNInRtuthU=
github.com/keybase/go-keychain v0.0.1/go.mod h1:PdEILRW3i9D8JcdM+FmY6RwkHGnhHxXwkPPMeUgOK1k=
