cloudeng.io/file v0.0.0-20241013003937-7fc58708a1c1 h1:aAMDb2sRGeJa/5G7gtM4VNENTfbPkoHzBcNZSceYuYU=
cloudeng.io/file v0.0.0-20241013003937-7fc58708a1c1/go.mod h1:kmcVscnnJO90nqQc4QV4E4bVNjYZTqrHPSu1OAfxFYk=
github.com/keybase/go-keychain v0.0.0-20231219164618-57a3676c3af6 h1:IsMZxCuZqKuao2vNdfD82fjjgPLfyHLpR41Z88viRWs=
github.com/keybase/go-keychain v0.0.0-20231219164618-57a3676c3af6/go.mod h1:3VeWNIJaW+O5xpRQbPp0Ybqu1vJd/pm7s2F473HRrkw=
