cloudeng.io/algo v0.0.0-20211021230746-846db926b281 h1:8bTMHOnHcKqMnl7svpZr6pbPiAoVWBRdvyVX1MF9ViU=
cloudeng.io/algo v0.0.0-20211021230746-846db926b281/go.mod h1:sZwLUWV8vGn4ry9rRJsdwtL0xvnUjufwZGrr+P9PVAM=
cloudeng.io/errors v0.0.7 h1:GqFEwQrkOhoaF3Nla8tDzHhFwzYYHWmRmGkf4Ag2zGM=
cloudeng.io/errors v0.0.7/go.mod h1:xWamLL6tn3roKI6MRRFkw1jUkJL9s7CJzFYfaxuhHZk=
cloudeng.io/os v0.0.0-20211021230746-846db926b281 h1:qIygt5YKhBoSIPg/5mAUyHITCNukLDwhwNO4eg+UZew=
cloudeng.io/os v0.0.0-20211021230746-846db926b281/go.mod h1:z57SNg2dn+enmJ7Lfa43MrnIkyT4qe2BqCfSpuLU9yE=
cloudeng.io/sync v0.0.6 h1:iRNr+o1rVTlT9wzzvXhiahYUH/RK4Uua8tnVwBvipnE=
cloudeng.io/sync v0.0.6/go.mod h1:17rIhhh7EFI1IljEgfPpCfElmx+NGYHjTklJ4CpZJNo=
github.com/cosnicolaou/pudge v1.0.6 h1:ej1AaUPxI3++Cn1qzbOuCCGflHWvvjAFaoKZzVG3cUQ=
github.com/cosnicolaou/pudge v1.0.6/go.mod h1:PSbC4eylkssiQ+gAE+AWaMQSo41g/otqflfbcsMrupk=
golang.org/x/sys v0.0.0-20211020174200-9d6173849985 h1:LOlKVhfDyahgmqa97awczplwkjzNaELFg3zRIJ13RYo=
golang.org/x/sys v0.0.0-20211020174200-9d6173849985/go.mod h1:oPkhp1MJrh7nUepCBck5+mAzfO9JrbApNNgaTdGDITg=
