cloudeng.io/algo v0.0.0-20210704014939-91f28fa328fe h1:q5iIRomSZs9qNlbYO9sAIh3qNfnBoBh0PoxmTyZM1m0=
cloudeng.io/algo v0.0.0-20210704014939-91f28fa328fe/go.mod h1:WuSzbw++u4abQjLgEIIXHJDfob28mPRE9aDjwo9b5N4=
cloudeng.io/algo v0.0.0-20211018015315-f2da3f13f51b h1:wfTowF2zjnah6iVCDYnNXRxQHx1vGwUg837td3n+7Co=
cloudeng.io/algo v0.0.0-20211018015315-f2da3f13f51b/go.mod h1:WuSzbw++u4abQjLgEIIXHJDfob28mPRE9aDjwo9b5N4=
cloudeng.io/algo v0.0.0-20211020173334-a97970871511 h1:ReQHcA4Yn/8z7VMCUoizxxBuL2NetfF8TzI0hpIVdtg=
cloudeng.io/algo v0.0.0-20211020173334-a97970871511/go.mod h1:WuSzbw++u4abQjLgEIIXHJDfob28mPRE9aDjwo9b5N4=
cloudeng.io/algo v0.0.0-20211020182350-26cccc266fd8 h1:tTyJY5UQy02VUr/ko+kX+HDmq5knybDFRT25alEYEjw=
cloudeng.io/algo v0.0.0-20211020182350-26cccc266fd8/go.mod h1:WuSzbw++u4abQjLgEIIXHJDfob28mPRE9aDjwo9b5N4=
cloudeng.io/cmdutil v0.0.0-20211020182350-26cccc266fd8 h1:K3jMyLvSm8tlvCl/hFGw4K4KrBu7R6wQRnPQerlPEAg=
cloudeng.io/cmdutil v0.0.0-20211020182350-26cccc266fd8/go.mod h1:EwLVTEiRF+bZPVXIzJBuZttVmF6w2ETHcmNIpdOQbTg=
cloudeng.io/errors v0.0.5/go.mod h1:4iZnGEBj5F3SqTHZF6AHiFMgeHeJWJJkVHx/UwbDYok=
cloudeng.io/errors v0.0.6 h1:4YRdxFk260BVH2tgFAY5oe2nKWAN0VXbFWlqOqSikUk=
cloudeng.io/errors v0.0.6/go.mod h1:4iZnGEBj5F3SqTHZF6AHiFMgeHeJWJJkVHx/UwbDYok=
cloudeng.io/os v0.0.0-20210704014939-91f28fa328fe h1:XYw9mV5eUTv0EASiCZixvgyjIRFcSJytd8S8pjNJtjw=
cloudeng.io/os v0.0.0-20210704014939-91f28fa328fe/go.mod h1:zDPvwPXgSgP49+ueO5AsGoPMZ5ohGjYvlCUI0JGcuNQ=
cloudeng.io/os v0.0.0-20211018015315-f2da3f13f51b h1:1G02UBIDgqycmD4X5/Jsteb9Ga8BNiY+txBRTLKJZwA=
cloudeng.io/os v0.0.0-20211018015315-f2da3f13f51b/go.mod h1:zDPvwPXgSgP49+ueO5AsGoPMZ5ohGjYvlCUI0JGcuNQ=
cloudeng.io/os v0.0.0-20211020173334-a97970871511 h1:+ljD3HgbbdwlKBQ/nDIpZKsdsNxW9EMWYt7pwOMPCBk=
cloudeng.io/os v0.0.0-20211020173334-a97970871511/go.mod h1:zDPvwPXgSgP49+ueO5AsGoPMZ5ohGjYvlCUI0JGcuNQ=
cloudeng.io/os v0.0.0-20211020181111-9f1e14f842e1 h1:OkH2j970GjcBFd0ctYcBG75x5aBLGyXQHB01b4F8krs=
cloudeng.io/os v0.0.0-20211020181111-9f1e14f842e1/go.mod h1:zDPvwPXgSgP49+ueO5AsGoPMZ5ohGjYvlCUI0JGcuNQ=
cloudeng.io/os v0.0.0-20211020182350-26cccc266fd8 h1:KWHKyrz47rEriHdCfO1C5IG9BOiCwWP8MHSOze7D5zU=
cloudeng.io/os v0.0.0-20211020182350-26cccc266fd8/go.mod h1:zDPvwPXgSgP49+ueO5AsGoPMZ5ohGjYvlCUI0JGcuNQ=
cloudeng.io/sync v0.0.5 h1:fVkib4XhvbGceMe9F5rcXQzoJQxcdkVp2GZPIo2Dt78=
cloudeng.io/sync v0.0.5/go.mod h1:ft73nqXGxRtWgcXoyWC+RLVjwCq+Ai0R/9oU4rnXf5g=
cloudeng.io/text v0.0.8/go.mod h1:VPOCvDDUBocQe7rfQDZcyEpScLooZo/6cJs1cM0LOMI=
github.com/cosnicolaou/pudge v1.0.6 h1:ej1AaUPxI3++Cn1qzbOuCCGflHWvvjAFaoKZzVG3cUQ=
github.com/cosnicolaou/pudge v1.0.6/go.mod h1:PSbC4eylkssiQ+gAE+AWaMQSo41g/otqflfbcsMrupk=
golang.org/x/sys v0.0.0-20211020174200-9d6173849985 h1:LOlKVhfDyahgmqa97awczplwkjzNaELFg3zRIJ13RYo=
golang.org/x/sys v0.0.0-20211020174200-9d6173849985/go.mod h1:oPkhp1MJrh7nUepCBck5+mAzfO9JrbApNNgaTdGDITg=
