cloudeng.io/algo v0.0.0-20211022000638-c75f7bdf4c01 h1:T+OXC62DoFfUftq0gGO7nrbwqpujtyFBGfF9FGRTX2g=
cloudeng.io/algo v0.0.0-20211022000638-c75f7bdf4c01/go.mod h1:sZwLUWV8vGn4ry9rRJsdwtL0xvnUjufwZGrr+P9PVAM=
cloudeng.io/errors v0.0.7 h1:GqFEwQrkOhoaF3Nla8tDzHhFwzYYHWmRmGkf4Ag2zGM=
cloudeng.io/errors v0.0.7/go.mod h1:xWamLL6tn3roKI6MRRFkw1jUkJL9s7CJzFYfaxuhHZk=
cloudeng.io/os v0.0.0-20211022000638-c75f7bdf4c01 h1:aAd0kjJW6FhD5tqwbhqUiFNVyN4jF97GFW9pkJLYO2E=
cloudeng.io/os v0.0.0-20211022000638-c75f7bdf4c01/go.mod h1:z57SNg2dn+enmJ7Lfa43MrnIkyT4qe2BqCfSpuLU9yE=
cloudeng.io/sync v0.0.6 h1:iRNr+o1rVTlT9wzzvXhiahYUH/RK4Uua8tnVwBvipnE=
cloudeng.io/sync v0.0.6/go.mod h1:17rIhhh7EFI1IljEgfPpCfElmx+NGYHjTklJ4CpZJNo=
cloudeng.io/sys v0.0.0-20211030052257-ec4c6f8b878e h1:TbuKQhV6BKhVDBlGj6l0gZQMJy+pnArNZhwHnHqE6+I=
cloudeng.io/sys v0.0.0-20211030052257-ec4c6f8b878e/go.mod h1:fNIWqX26NzdShrH3lBfxzPhP1jju7JOt7Rg8PxBvYvA=
github.com/cosnicolaou/pudge v1.0.6 h1:ej1AaUPxI3++Cn1qzbOuCCGflHWvvjAFaoKZzVG3cUQ=
github.com/cosnicolaou/pudge v1.0.6/go.mod h1:PSbC4eylkssiQ+gAE+AWaMQSo41g/otqflfbcsMrupk=
golang.org/x/sys v0.0.0-20211020174200-9d6173849985/go.mod h1:oPkhp1MJrh7nUepCBck5+mAzfO9JrbApNNgaTdGDITg=
golang.org/x/sys v0.0.0-20211029165221-6e7872819dc8 h1:M69LAlWZCshgp0QSzyDcSsSIejIEeuaCVpmwcKwyLMk=
golang.org/x/sys v0.0.0-20211029165221-6e7872819dc8/go.mod h1:oPkhp1MJrh7nUepCBck5+mAzfO9JrbApNNgaTdGDITg=
