cloudeng.io/errors v0.0.8/go.mod h1:xWamLL6tn3roKI6MRRFkw1jUkJL9s7CJzFYfaxuhHZk=
cloudeng.io/errors v0.0.10 h1:M/UgEEjD1v9MiGAw4QFkSREPdmScPt1YVuKESbRy8zU=
cloudeng.io/errors v0.0.10/go.mod h1:GO+C05d4kZnEqUC5Po9vajcyG8ibIzYCcOuomXHEznQ=
cloudeng.io/file v0.0.0-20250609000856-e90addcdd7e2 h1:foUmuGAnWjjL3JsHoWGOVqMnxXjQICyyPATUPs+HLvc=
cloudeng.io/file v0.0.0-20250609000856-e90addcdd7e2/go.mod h1:hynWoNEuDZzS3kA+hZXSHaVa9pcmRqrSQxWuFMeypaM=
cloudeng.io/text v0.0.11 h1:q3+p3gxwNdr/V+k4+77fj9QxVpUU8G7B4+v26m+sE8I=
cloudeng.io/text v0.0.11/go.mod h1:99L3CQ55YhUy2+lHlFPowYyCoXO86fmkvNtcMT2X3GU=
gopkg.in/check.v1 v0.0.0-20161208181325-20d25e280405 h1:yhCVgyC4o1eVCa2tZl7eS0r+SDo693bJlVdllGtEeKM=
gopkg.in/check.v1 v0.0.0-20161208181325-20d25e280405/go.mod h1:Co6ibVJAznAaIkqp8huTwlJQCZ016jof/cbN4VW5Yz0=
gopkg.in/yaml.v3 v3.0.1 h1:fxVm/GzAzEWqLHuvctI91KS9hhNmmWOoWu0XTYJS7CA=
gopkg.in/yaml.v3 v3.0.1/go.mod h1:K4uyk7z7BCEPqu6E+C64Yfv1cQ7kz7rIZviUmN+EgEM=
