cloudeng.io/algo v0.0.0-20260408004016-f135a6b00509 h1:1z3C3QcZCZrGWPlB9chHZcOLHITxhg5LwPv7TPziRxI=
cloudeng.io/debug v0.0.0-20260312171538-61fcde6ce278 h1:aGzAr8ZdwCisOwyyvymgYAdLaPIHeZOzE8nWFZOEcAk=
cloudeng.io/debug v0.0.0-20260312171538-61fcde6ce278/go.mod h1:lqnkxQcpZ4yfXoxHj+OVCydm/I8G+t4w1exrQdBVhTc=
cloudeng.io/errors v0.0.14-0.20260312171538-61fcde6ce278 h1:zvkZ9WBpBjerUAhl+SLCcQLar2mNdsA0kFc0Ku5NKVQ=
cloudeng.io/errors v0.0.14-0.20260312171538-61fcde6ce278/go.mod h1:6TivTMjXopNNZ0eNsac9MfYij1WC6R0gJcsSIxcunIA=
cloudeng.io/file v0.0.0-20260312171538-61fcde6ce278 h1:x1bX8humN7TI0TVlbbQ7s0dQA10w4KP1uTSk4CQtQ7U=
cloudeng.io/file v0.0.0-20260312171538-61fcde6ce278/go.mod h1:WVlLLiDCreK7mFnRctm4d8QuHMGASHOEUgy1qDg5n/c=
cloudeng.io/net v0.0.0-20260312171538-61fcde6ce278 h1:ggyEjZ8qKSzE8J8WlU5KpxKiuO5pJ010EkOOQg228Rk=
cloudeng.io/net v0.0.0-20260312171538-61fcde6ce278/go.mod h1:0cROdfgWrRBhcoYJGA6IUdf00dPEc+lKnRcJelNSQs4=
cloudeng.io/sync v0.0.9-0.20260312171538-61fcde6ce278 h1:i02u8EGZv0r5nOaqePkrwPFzUIEq/RuSBUeofyNCnE8=
cloudeng.io/sync v0.0.9-0.20260312171538-61fcde6ce278/go.mod h1:iDq9SVBMBs+AJJBXtKAlVaU27Dt9FpRbisiL+lyVSc0=
cloudeng.io/sys v0.0.0-20260408004016-f135a6b00509 h1:hfZ+5Kj0G4HWQENDGx/HP/INQv+tgkYu9D/d4egBOWo=
cloudeng.io/text v0.0.15 h1:1ijxRX4LVNQNOLgayMH7YoUssH8RY0TgKxIG++JiOVE=
cloudeng.io/text v0.0.15/go.mod h1:bZd+iMNGHuFhRwk30Ife7WW56IZAMnAqApeEt4KEc0c=
cloudeng.io/windows v0.0.0-20251203211350-c30caae1cc5e h1:88FLgbskFkcsZSgh3jncYqYBg1J2eLHGzmdp74APrCQ=
cloudeng.io/windows v0.0.0-20251203211350-c30caae1cc5e/go.mod h1:tUOArMXLISe8OY+lHimWwdHMev5N7MwQGczQgTYZb3Y=
github.com/creack/pty v1.1.9/go.mod h1:oKZEueFk5CKHvIhNR5MUki03XCEU+Q6VDXinZuGJ33E=
github.com/kr/pretty v0.3.1 h1:flRD4NNwYAUpkphVc1HcthR4KEIFJ65n8Mw5qdRn3LE=
github.com/kr/pretty v0.3.1/go.mod h1:hoEshYVHaxMs3cyo3Yncou5ZscifuDolrwPKZanG3xk=
github.com/kr/text v0.2.0 h1:5Nx0Ya0ZqY2ygV366QzturHI13Jq95ApcVaJBhpS+AY=
github.com/kr/text v0.2.0/go.mod h1:eLer722TekiGuMkidMxC/pM04lWEeraHUUmBw8l2grE=
github.com/rogpeppe/go-internal v1.14.1 h1:UQB4HGPB6osV0SQTLymcB4TgvyWu6ZyliaW0tI/otEQ=
github.com/rogpeppe/go-internal v1.14.1/go.mod h1:MaRKkUm5W0goXpeCfT7UZI6fk/L7L7so1lCWt35ZSgc=
golang.org/x/sys v0.43.0 h1:Rlag2XtaFTxp19wS8MXlJwTvoh8ArU6ezoyFsMyCTNI=
gopkg.in/check.v1 v0.0.0-20161208181325-20d25e280405/go.mod h1:Co6ibVJAznAaIkqp8huTwlJQCZ016jof/cbN4VW5Yz0=
gopkg.in/check.v1 v1.0.0-20201130134442-10cb98267c6c h1:Hei/4ADfdWqJk1ZMxUNpqntNwaWcugrBjAiHlqqRiVk=
gopkg.in/check.v1 v1.0.0-20201130134442-10cb98267c6c/go.mod h1:JHkPIbrfpd72SG/EVd6muEfDQjcINNoR0C8j2r3qZ4Q=
gopkg.in/yaml.v3 v3.0.1 h1:fxVm/GzAzEWqLHuvctI91KS9hhNmmWOoWu0XTYJS7CA=
gopkg.in/yaml.v3 v3.0.1/go.mod h1:K4uyk7z7BCEPqu6E+C64Yfv1cQ7kz7rIZviUmN+EgEM=
