cloudeng.io/errors v0.0.9 h1:gHv7vqtI8pvhjJFsu4d60bYwOaT9sM6tn0ykoaw11WA=
cloudeng.io/errors v0.0.9/go.mod h1:xWamLL6tn3roKI6MRRFkw1jUkJL9s7CJzFYfaxuhHZk=
cloudeng.io/file v0.0.0-20240214044655-223c29824207 h1:1bAIRRN7eLfZZpDWrqBxVkAOyPm7bTFU4XNvwKxClsw=
cloudeng.io/file v0.0.0-20240214044655-223c29824207/go.mod h1:cmNGFILlDaNku6KiLsXeAGjY/227h2Pdb3pY763KG9s=
cloudeng.io/sys v0.0.0-20240213043943-f6a8f92f083f h1:KdhLXue6VSV+d0pSSAfD/0awkrx538f48hoZ2Ie79I8=
cloudeng.io/sys v0.0.0-20240213043943-f6a8f92f083f/go.mod h1:6eUpMj/QN8awJqgPi9IIPWeVV1H27XcfF2bta2MzmOY=
