cloudeng.io/errors v0.0.13-0.20251103233205-9c9ec5cb705a h1:vyasXfLrSPdqYOpwwWma+8wmSxoY+EGKfhO7b4kBCK8=
cloudeng.io/errors v0.0.13-0.20251103233205-9c9ec5cb705a/go.mod h1:+IAMDlCNxHDxlWE9vjkPxED0d7Wzt7Nl3REebuCO4m8=
cloudeng.io/windows v0.0.0-20251103233205-9c9ec5cb705a h1:eG621CcyGq4n+hFzZjIJe4BR5PDHpNaY0sznqzbCy5Y=
cloudeng.io/windows v0.0.0-20251103233205-9c9ec5cb705a/go.mod h1:tUOArMXLISe8OY+lHimWwdHMev5N7MwQGczQgTYZb3Y=
