cloudeng.io/algo v0.0.0-20260818231247-605c3766963e h1:G8p02CF4BVxFRdP0f4EQoPFNsEpnWnZQnF33fkylwJo=
cloudeng.io/algo v0.0.0-20260818231247-605c3766963e/go.mod h1:VXfkJ15IS4nXNdqqndiOceVAY49AXmQVBsaz/MIyZw4=
cloudeng.io/windows v0.0.0-20251203211350-c30caae1cc5e h1:88FLgbskFkcsZSgh3jncYqYBg1J2eLHGzmdp74APrCQ=
cloudeng.io/windows v0.0.0-20251203211350-c30caae1cc5e/go.mod h1:tUOArMXLISe8OY+lHimWwdHMev5N7MwQGczQgTYZb3Y=
golang.org/x/sys v0.47.0 h1:o7XGOvZQCADBQQ4Y7VNq2dRWQR7JmOUW8Kxx4ZsNgWs=
golang.org/x/sys v0.47.0/go.mod h1:4GL1E5IUh+htKOUEOaiffhrAeqysfVGipDYzABqnCmw=
