cloudeng.io/errors v0.0.7 h1:GqFEwQrkOhoaF3Nla8tDzHhFwzYYHWmRmGkf4Ag2zGM=
cloudeng.io/errors v0.0.7/go.mod h1:xWamLL6tn3roKI6MRRFkw1jUkJL9s7CJzFYfaxuhHZk=
golang.org/x/exp v0.0.0-20220414153411-bcd21879b8fd h1:zVFyTKZN/Q7mNRWSs1GOYnHM9NiFSJ54YVRsD0rNWT4=
golang.org/x/exp v0.0.0-20220414153411-bcd21879b8fd/go.mod h1:lgLbSvA5ygNOMpwM/9anMpWVlVJ7Z+cHWq/eFuinpGE=
