cloudeng.io/debug v0.0.0-20260421014045-3f1a4460a5df h1:dcf0WySVcK9FHBZ/THRzJruwFouWJJryJZ40QVu9Kg8=
cloudeng.io/debug v0.0.0-20260421014045-3f1a4460a5df/go.mod h1:lqnkxQcpZ4yfXoxHj+OVCydm/I8G+t4w1exrQdBVhTc=
cloudeng.io/errors v0.0.13 h1:VNAhh/LMgXDzfSx/LxeYU+A6UUBP6K65yTyvQd2OJ5E=
cloudeng.io/errors v0.0.13/go.mod h1:+IAMDlCNxHDxlWE9vjkPxED0d7Wzt7Nl3REebuCO4m8=
