cloudeng.io/debug v0.0.0-20260303213431-bb1cfd0f49cd h1:gBIcdZVK7ZGY+lAhZWxMhFL3+lyNXtiB4/nKoS2JheM=
cloudeng.io/debug v0.0.0-20260303213431-bb1cfd0f49cd/go.mod h1:lqnkxQcpZ4yfXoxHj+OVCydm/I8G+t4w1exrQdBVhTc=
cloudeng.io/errors v0.0.13 h1:VNAhh/LMgXDzfSx/LxeYU+A6UUBP6K65yTyvQd2OJ5E=
cloudeng.io/errors v0.0.13/go.mod h1:+IAMDlCNxHDxlWE9vjkPxED0d7Wzt7Nl3REebuCO4m8=
