cloudeng.io/cicd v0.0.0-20260514201128-26a831c78d62 h1:l74Iyvs/u0j9NG1QyMX7EQcU4nIZ1OjmclvWtPESly0=
cloudeng.io/cicd v0.0.0-20260514201128-26a831c78d62/go.mod h1:pI98u5ytMFakWkLK2yrVvHyRlzcyYArBYA4xKR1vPj8=
cloudeng.io/debug v0.0.0-20260513030906-195852faa5d0 h1:GBehPUo1YwZ8/Yo0BuP7nETFTBF4BkuNwENqa4WsfrI=
cloudeng.io/debug v0.0.0-20260513030906-195852faa5d0/go.mod h1:MECwal0eFhXI3wixLVjNGnXohW4qGQRg+J68yQWmi9k=
cloudeng.io/errors v0.0.14-0.20260312171538-61fcde6ce278 h1:zvkZ9WBpBjerUAhl+SLCcQLar2mNdsA0kFc0Ku5NKVQ=
cloudeng.io/errors v0.0.14-0.20260312171538-61fcde6ce278/go.mod h1:6TivTMjXopNNZ0eNsac9MfYij1WC6R0gJcsSIxcunIA=
cloudeng.io/os v0.0.0-20260514201128-26a831c78d62 h1:m1bALj9XEzl2q8FrYZr9v7QH6xLa9BI6cyuYRbmryLI=
cloudeng.io/os v0.0.0-20260514201128-26a831c78d62/go.mod h1:u5maFhk+M6hHf8fbPCbEdb9+luZ+oNubFYAPRE0mWeA=
cloudeng.io/sync v0.0.11 h1:w0KEssgwRzTwZ0ZVNaNmBExkvy+GBHK6rdokFSZE7H0=
cloudeng.io/sync v0.0.11/go.mod h1:F9NpbM4iI6Rg74moXYpFdAU+ljdB9RKLWNuYvF0cFJE=
golang.org/x/sync v0.20.0 h1:e0PTpb7pjO8GAtTs2dQ6jYa5BWYlMuX047Dco/pItO4=
golang.org/x/sync v0.20.0/go.mod h1:9xrNwdLfx4jkKbNva9FpL6vEN7evnE43NNNJQ2LF3+0=
golang.org/x/sys v0.44.0 h1:ildZl3J4uzeKP07r2F++Op7E9B29JRUy+a27EibtBTQ=
golang.org/x/sys v0.44.0/go.mod h1:4GL1E5IUh+htKOUEOaiffhrAeqysfVGipDYzABqnCmw=
