cloudeng.io/algo v0.0.0-20251108012845-0faa368df158 h1:EVeRM8b/kGrRglYQUdbGl4HuHo69ahu+NckfmcQE7b4=
cloudeng.io/algo v0.0.0-20251108012845-0faa368df158/go.mod h1:UZ8vyc4kEQUKOdaj5K0KfFZjUbSguHKBTEkhzA17zmw=
cloudeng.io/aws v0.0.0-20251108012845-0faa368df158 h1:uUT2mvTxPS4nBKFv6lNJdg9IjUd72J3qESZ43ybmtG8=
cloudeng.io/aws v0.0.0-20251108012845-0faa368df158/go.mod h1:gXKHz6QiSRtux5Z2qtz2rAnDt4NKKzvK8kDvvaKSSww=
cloudeng.io/cmdutil v0.0.0-20251108012845-0faa368df158 h1:DrX2Y79SlsGQ0lYdbiI8uaCnosIY4YJmUlGDi2nTu2A=
cloudeng.io/cmdutil v0.0.0-20251108012845-0faa368df158/go.mod h1:DPmPt2BHWbkbVQ96AwvESlACDFHncHvXNqdFs0/e/68=
cloudeng.io/debug v0.0.0-20251108012845-0faa368df158 h1:CHq1JEs5hqDEKXOMIBqq4yHWcKImcrCFgCgnXFOXsgg=
cloudeng.io/debug v0.0.0-20251108012845-0faa368df158/go.mod h1:XmMPhxxJQ3OEPfcwsIUNqj9cjlTiwwSDK3hCCAQYeLw=
cloudeng.io/errors v0.0.13-0.20251108012845-0faa368df158 h1:ldgEZrhLRTMcC+HvV2FJF8/n/MsfFC+D7HqZkDs8+xk=
cloudeng.io/errors v0.0.13-0.20251108012845-0faa368df158/go.mod h1:+IAMDlCNxHDxlWE9vjkPxED0d7Wzt7Nl3REebuCO4m8=
cloudeng.io/file v0.0.0-20251108012845-0faa368df158 h1:R88I9fW5uh/oIxOhGiae2zxrsRCDUYoEVzVqewWcHIs=
cloudeng.io/file v0.0.0-20251108012845-0faa368df158/go.mod h1:dgJl/nOmxeGrrC3mZRfPHFtKyDjN5cbZ2OUQBCyCHt4=
cloudeng.io/logging v0.0.0-20251108012845-0faa368df158 h1:aMHHee+C/tkEqZZSiNWZ5owS7dT07dQCuowkRBNSZ6k=
cloudeng.io/logging v0.0.0-20251108012845-0faa368df158/go.mod h1:D0TUs3Aiwa1c7xI/TE7JITYnICck34r6DR5twakJjIs=
cloudeng.io/net v0.0.0-20251108012845-0faa368df158 h1:oyY033fh90TgHD4DXX5kRwOvfuIPg5KCXiMYVUqxtcU=
cloudeng.io/net v0.0.0-20251108012845-0faa368df158/go.mod h1:axC62OVIKFR0L0uamfK8txQDIJbQNqSHOwxxfLYFRRs=
cloudeng.io/os v0.0.0-20251108012845-0faa368df158 h1:9wCRbGgi3stZokA9ccr5Hd6EvO1TmbL64dSbk/8BUzc=
cloudeng.io/os v0.0.0-20251108012845-0faa368df158/go.mod h1:UuSncaIdaiCWJbgz8sOcFQF1BhMCS60S5KjKFSOwW1c=
cloudeng.io/sync v0.0.9-0.20251108012845-0faa368df158 h1:O1urQEVwlTkrXgXrwwhVsBDpebAR5b6425vC0JJPAx8=
cloudeng.io/sync v0.0.9-0.20251108012845-0faa368df158/go.mod h1:bPp7qbb4lSaOsQEAsGX7NCvyKAgekc4/Vxd2yYeyVM0=
cloudeng.io/sys v0.0.0-20251108012845-0faa368df158 h1:DO/AvgGTtvDcLA2dW2gS/PwL4bPwN/O3Hw/HAdVBZX4=
cloudeng.io/sys v0.0.0-20251108012845-0faa368df158/go.mod h1:s036XnilFQX0iapupqPzSXynr+y6kF5662w2gnM496Y=
cloudeng.io/text v0.0.12-0.20251108012845-0faa368df158 h1:uWYljUEPfonA/Y4W+8K3LIqHIS6329oWl/o1J7hfqZ8=
cloudeng.io/text v0.0.12-0.20251108012845-0faa368df158/go.mod h1:6rDG6qEzGxe8ePNBz7VwSf0ps9p9ihDB/uXSFR0CJvk=
cloudeng.io/windows v0.0.0-20251108012845-0faa368df158 h1:kOjHyO4RpVLlXjPjkOteZduShKfrcKbYkFmysxwZlAU=
cloudeng.io/windows v0.0.0-20251108012845-0faa368df158/go.mod h1:tUOArMXLISe8OY+lHimWwdHMev5N7MwQGczQgTYZb3Y=
github.com/Microsoft/go-winio v0.6.2 h1:F2VQgta7ecxGYO8k3ZZz3RS8fVIXVxONVUPlNERoyfY=
github.com/Microsoft/go-winio v0.6.2/go.mod h1:yd8OoFMLzJbo9gZq8j5qaps8bJ9aShtEA8Ipt1oGCvU=
github.com/aws/aws-sdk-go-v2 v1.39.5 h1:e/SXuia3rkFtapghJROrydtQpfQaaUgd1cUvyO1mp2w=
github.com/aws/aws-sdk-go-v2 v1.39.5/go.mod h1:yWSxrnioGUZ4WVv9TgMrNUeLV3PFESn/v+6T/Su8gnM=
github.com/aws/aws-sdk-go-v2/aws/protocol/eventstream v1.7.2 h1:t9yYsydLYNBk9cJ73rgPhPWqOh/52fcWDQB5b1JsKSY=
github.com/aws/aws-sdk-go-v2/aws/protocol/eventstream v1.7.2/go.mod h1:IusfVNTmiSN3t4rhxWFaBAqn+mcNdwKtPcV16eYdgko=
github.com/aws/aws-sdk-go-v2/config v1.31.15 h1:gE3M4xuNXfC/9bG4hyowGm/35uQTi7bUKeYs5e/6uvU=
github.com/aws/aws-sdk-go-v2/config v1.31.15/go.mod h1:HvnvGJoE2I95KAIW8kkWVPJ4XhdrlvwJpV6pEzFQa8o=
github.com/aws/aws-sdk-go-v2/credentials v1.18.19 h1:Jc1zzwkSY1QbkEcLujwqRTXOdvW8ppND3jRBb/VhBQc=
github.com/aws/aws-sdk-go-v2/credentials v1.18.19/go.mod h1:DIfQ9fAk5H0pGtnqfqkbSIzky82qYnGvh06ASQXXg6A=
github.com/aws/aws-sdk-go-v2/feature/ec2/imds v1.18.11 h1:X7X4YKb+c0rkI6d4uJ5tEMxXgCZ+jZ/D6mvkno8c8Uw=
github.com/aws/aws-sdk-go-v2/feature/ec2/imds v1.18.11/go.mod h1:EqM6vPZQsZHYvC4Cai35UDg/f5NCEU+vp0WfbVqVcZc=
github.com/aws/aws-sdk-go-v2/internal/configsources v1.4.12 h1:p/9flfXdoAnwJnuW9xHEAFY22R3A6skYkW19JFF9F+8=
github.com/aws/aws-sdk-go-v2/internal/configsources v1.4.12/go.mod h1:ZTLHakoVCTtW8AaLGSwJ3LXqHD9uQKnOcv1TrpO6u2k=
github.com/aws/aws-sdk-go-v2/internal/endpoints/v2 v2.7.12 h1:2lTWFvRcnWFFLzHWmtddu5MTchc5Oj2OOey++99tPZ0=
github.com/aws/aws-sdk-go-v2/internal/endpoints/v2 v2.7.12/go.mod h1:hI92pK+ho8HVcWMHKHrK3Uml4pfG7wvL86FzO0LVtQQ=
github.com/aws/aws-sdk-go-v2/internal/ini v1.8.4 h1:WKuaxf++XKWlHWu9ECbMlha8WOEGm0OUEZqm4K/Gcfk=
github.com/aws/aws-sdk-go-v2/internal/ini v1.8.4/go.mod h1:ZWy7j6v1vWGmPReu0iSGvRiise4YI5SkR3OHKTZ6Wuc=
github.com/aws/aws-sdk-go-v2/internal/v4a v1.4.10 h1:FHw90xCTsofzk6vjU808TSuDtDfOOKPNdz5Weyc3tUI=
github.com/aws/aws-sdk-go-v2/internal/v4a v1.4.10/go.mod h1:n8jdIE/8F3UYkg8O4IGkQpn2qUmapg/1K1yl29/uf/c=
github.com/aws/aws-sdk-go-v2/service/internal/accept-encoding v1.13.2 h1:xtuxji5CS0JknaXoACOunXOYOQzgfTvGAc9s2QdCJA4=
github.com/aws/aws-sdk-go-v2/service/internal/accept-encoding v1.13.2/go.mod h1:zxwi0DIR0rcRcgdbl7E2MSOvxDyyXGBlScvBkARFaLQ=
github.com/aws/aws-sdk-go-v2/service/internal/checksum v1.9.1 h1:ne+eepnDB2Wh5lHKzELgEncIqeVlQ1rSF9fEa4r5I+A=
github.com/aws/aws-sdk-go-v2/service/internal/checksum v1.9.1/go.mod h1:u0Jkg0L+dcG1ozUq21uFElmpbmjBnhHR5DELHIme4wg=
github.com/aws/aws-sdk-go-v2/service/internal/presigned-url v1.13.12 h1:MM8imH7NZ0ovIVX7D2RxfMDv7Jt9OiUXkcQ+GqywA7M=
github.com/aws/aws-sdk-go-v2/service/internal/presigned-url v1.13.12/go.mod h1:gf4OGwdNkbEsb7elw2Sy76odfhwNktWII3WgvQgQQ6w=
github.com/aws/aws-sdk-go-v2/service/internal/s3shared v1.19.10 h1:DA+Hl5adieRyFvE7pCvBWm3VOZTRexGVkXw33SUqNoY=
github.com/aws/aws-sdk-go-v2/service/internal/s3shared v1.19.10/go.mod h1:L+A89dH3/gr8L4ecrdzuXUYd1znoko6myzndVGZx/DA=
github.com/aws/aws-sdk-go-v2/service/s3 v1.88.6 h1:Hcb4yllr4GTOHC/BKjEklxWhciWMHIqzeCI9oYf1OIk=
github.com/aws/aws-sdk-go-v2/service/s3 v1.88.6/go.mod h1:N/iojY+8bW3MYol9NUMuKimpSbPEur75cuI1SmtonFM=
github.com/aws/aws-sdk-go-v2/service/secretsmanager v1.39.10 h1:S5Mw93I9uFjXnHvkZ19O3Zj0UM5k4v3pYrDZxXCbqUg=
github.com/aws/aws-sdk-go-v2/service/secretsmanager v1.39.10/go.mod h1:wW/JqWY6yVr88XZJq5wX22l8XNkDdhw+8eDgkN51Rlc=
github.com/aws/aws-sdk-go-v2/service/sso v1.30.0 h1:xHXvxst78wBpJFgDW07xllOx0IAzbryrSdM4nMVQ4Dw=
github.com/aws/aws-sdk-go-v2/service/sso v1.30.0/go.mod h1:/e8m+AO6HNPPqMyfKRtzZ9+mBF5/x1Wk8QiDva4m07I=
github.com/aws/aws-sdk-go-v2/service/ssooidc v1.35.4 h1:tBw2Qhf0kj4ZwtsVpDiVRU3zKLvjvjgIjHMKirxXg8M=
github.com/aws/aws-sdk-go-v2/service/ssooidc v1.35.4/go.mod h1:Deq4B7sRM6Awq/xyOBlxBdgW8/Z926KYNNaGMW2lrkA=
github.com/aws/aws-sdk-go-v2/service/sts v1.39.0 h1:C+BRMnasSYFcgDw8o9H5hzehKzXyAb9GY5v/8bP9DUY=
github.com/aws/aws-sdk-go-v2/service/sts v1.39.0/go.mod h1:4EjU+4mIx6+JqKQkruye+CaigV7alL3thVPfDd9VlMs=
github.com/aws/smithy-go v1.23.1 h1:sLvcH6dfAFwGkHLZ7dGiYF7aK6mg4CgKA/iDKjLDt9M=
github.com/aws/smithy-go v1.23.1/go.mod h1:LEj2LM3rBRQJxPZTB4KuzZkaZYnZPnvgIhb4pu07mx0=
github.com/containerd/errdefs v1.0.0 h1:tg5yIfIlQIrxYtu9ajqY42W3lpS19XqdxRQeEwYG8PI=
github.com/containerd/errdefs v1.0.0/go.mod h1:+YBYIdtsnF4Iw6nWZhJcqGSg/dwvV7tyJ/kCkyJ2k+M=
github.com/containerd/errdefs/pkg v0.3.0 h1:9IKJ06FvyNlexW690DXuQNx2KA2cUJXx151Xdx3ZPPE=
github.com/containerd/errdefs/pkg v0.3.0/go.mod h1:NJw6s9HwNuRhnjJhM7pylWwMyAkmCQvQ4GpJHEqRLVk=
github.com/davecgh/go-spew v1.1.1 h1:vj9j/u1bqnvCEfJOwUhtlOARqs3+rkHYY13jYWTU97c=
github.com/davecgh/go-spew v1.1.1/go.mod h1:J7Y8YcW2NihsgmVo/mv3lAwl/skON4iLHjSsI+c5H38=
github.com/distribution/reference v0.6.0 h1:0IXCQ5g4/QMHHkarYzh5l+u8T3t73zM5QvfrDyIgxBk=
github.com/distribution/reference v0.6.0/go.mod h1:BbU0aIcezP1/5jX/8MP0YiH4SdvB5Y4f/wlDRiLyi3E=
github.com/docker/docker v28.5.1+incompatible h1:Bm8DchhSD2J6PsFzxC35TZo4TLGR2PdW/E69rU45NhM=
github.com/docker/docker v28.5.1+incompatible/go.mod h1:eEKB0N0r5NX/I1kEveEz05bcu8tLC/8azJZsviup8Sk=
github.com/docker/go-connections v0.6.0 h1:LlMG9azAe1TqfR7sO+NJttz1gy6KO7VJBh+pMmjSD94=
github.com/docker/go-connections v0.6.0/go.mod h1:AahvXYshr6JgfUJGdDCs2b5EZG/vmaMAntpSFH5BFKE=
github.com/docker/go-units v0.5.0 h1:69rxXcBk27SvSaaxTtLh/8llcHD8vYHT7WSdRZ/jvr4=
github.com/docker/go-units v0.5.0/go.mod h1:fgPhTUdO+D/Jk86RDLlptpiXQzgHJF7gydDDbaIK4Dk=
github.com/felixge/httpsnoop v1.0.4 h1:NFTV2Zj1bL4mc9sqWACXbQFVBBg2W3GPvqp8/ESS2Wg=
github.com/felixge/httpsnoop v1.0.4/go.mod h1:m8KPJKqk1gH5J9DgRY2ASl2lWCfGKXixSwevea8zH2U=
github.com/go-logr/logr v1.4.3 h1:CjnDlHq8ikf6E492q6eKboGOC0T8CDaOvkHCIg8idEI=
github.com/go-logr/logr v1.4.3/go.mod h1:9T104GzyrTigFIr8wt5mBrctHMim0Nb2HLGrmQ40KvY=
github.com/go-logr/stdr v1.2.2 h1:hSWxHoqTgW2S2qGc0LTAI563KZ5YKYRhT3MFKZMbjag=
github.com/go-logr/stdr v1.2.2/go.mod h1:mMo/vtBO5dYbehREoey6XUKy/eSumjCCveDpRre4VKE=
github.com/google/uuid v1.6.0 h1:NIvaJDMOsjHA8n1jAhLSgzrAzy1Hgr+hNrb57e+94F0=
github.com/google/uuid v1.6.0/go.mod h1:TIyPZe4MgqvfeYDBFedMoGGpEw/LqOeaOT+nhxU+yHo=
github.com/moby/docker-image-spec v1.3.1 h1:jMKff3w6PgbfSa69GfNg+zN/XLhfXJGnEx3Nl2EsFP0=
github.com/moby/docker-image-spec v1.3.1/go.mod h1:eKmb5VW8vQEh/BAr2yvVNvuiJuY6UIocYsFu/DxxRpo=
github.com/opencontainers/go-digest v1.0.0 h1:apOUWs51W5PlhuyGyz9FCeeBIOUDA/6nW8Oi/yOhh5U=
github.com/opencontainers/go-digest v1.0.0/go.mod h1:0JzlMkj0TRzQZfJkVvzbP0HBR3IKzErnv2BNG4W4MAM=
github.com/opencontainers/image-spec v1.1.1 h1:y0fUlFfIZhPF1W537XOLg0/fcx6zcHCJwooC2xJA040=
github.com/opencontainers/image-spec v1.1.1/go.mod h1:qpqAh3Dmcf36wStyyWU+kCeDgrGnAve2nCC8+7h8Q0M=
github.com/orlangure/gnomock v0.32.0 h1:96KCsqbDUaKz2nKkGqC0nIlJeCRaSfEpSi4CljBp8zk=
github.com/orlangure/gnomock v0.32.0/go.mod h1:CpMbwyCmPFpeLrsA5LIUcMrGm7LOf9+2JE+taayrUPc=
github.com/pkg/errors v0.9.1 h1:FEBLx1zS214owpjy7qsBeixbURkuhQAwrK5UwLGTwt4=
github.com/pkg/errors v0.9.1/go.mod h1:bwawxfHBFNV+L2hUp1rHADufV3IMtnDRdf1r5NINEl0=
github.com/pmezard/go-difflib v1.0.0 h1:4DBwDE0NGyQoBHbLQYPwSUPoCMWR5BEzIk/f1lZbAQM=
github.com/pmezard/go-difflib v1.0.0/go.mod h1:iKH77koFhYxTK1pcRnkKkqfTogsbg7gZNVY4sRDYZ/4=
github.com/stretchr/testify v1.11.1 h1:7s2iGBzp5EwR7/aIZr8ao5+dra3wiQyKjjFuvgVKu7U=
github.com/stretchr/testify v1.11.1/go.mod h1:wZwfW3scLgRK+23gO65QZefKpKQRnfz6sD981Nm4B6U=
go.opentelemetry.io/auto/sdk v1.2.1 h1:jXsnJ4Lmnqd11kwkBV2LgLoFMZKizbCi5fNZ/ipaZ64=
go.opentelemetry.io/auto/sdk v1.2.1/go.mod h1:KRTj+aOaElaLi+wW1kO/DZRXwkF4C5xPbEe3ZiIhN7Y=
go.opentelemetry.io/contrib/instrumentation/net/http/otelhttp v0.63.0 h1:RbKq8BG0FI8OiXhBfcRtqqHcZcka+gU3cskNuf05R18=
go.opentelemetry.io/contrib/instrumentation/net/http/otelhttp v0.63.0/go.mod h1:h06DGIukJOevXaj/xrNjhi/2098RZzcLTbc0jDAUbsg=
go.opentelemetry.io/otel v1.38.0 h1:RkfdswUDRimDg0m2Az18RKOsnI8UDzppJAtj01/Ymk8=
go.opentelemetry.io/otel v1.38.0/go.mod h1:zcmtmQ1+YmQM9wrNsTGV/q/uyusom3P8RxwExxkZhjM=
go.opentelemetry.io/otel/metric v1.38.0 h1:Kl6lzIYGAh5M159u9NgiRkmoMKjvbsKtYRwgfrA6WpA=
go.opentelemetry.io/otel/metric v1.38.0/go.mod h1:kB5n/QoRM8YwmUahxvI3bO34eVtQf2i4utNVLr9gEmI=
go.opentelemetry.io/otel/trace v1.38.0 h1:Fxk5bKrDZJUH+AMyyIXGcFAPah0oRcT+LuNtJrmcNLE=
go.opentelemetry.io/otel/trace v1.38.0/go.mod h1:j1P9ivuFsTceSWe1oY+EeW3sc+Pp42sO++GHkg4wwhs=
go.uber.org/multierr v1.11.0 h1:blXXJkSxSSfBVBlC76pxqeO+LN3aDfLQo+309xJstO0=
go.uber.org/multierr v1.11.0/go.mod h1:20+QtiLqy0Nd6FdQB9TLXag12DsQkrbs3htMFfDN80Y=
go.uber.org/zap v1.27.0 h1:aJMhYGrd5QSmlpLMr2MftRKl7t8J8PTZPA732ud/XR8=
go.uber.org/zap v1.27.0/go.mod h1:GB2qFLM7cTU87MWRP2mPIjqfIDnGu+VIO4V/SdhGo2E=
golang.org/x/crypto v0.43.0 h1:dduJYIi3A3KOfdGOHX8AVZ/jGiyPa3IbBozJ5kNuE04=
golang.org/x/crypto v0.43.0/go.mod h1:BFbav4mRNlXJL4wNeejLpWxB7wMbc79PdRGhWKncxR0=
golang.org/x/net v0.46.0 h1:giFlY12I07fugqwPuWJi68oOnpfqFnJIJzaIIm2JVV4=
golang.org/x/net v0.46.0/go.mod h1:Q9BGdFy1y4nkUwiLvT5qtyhAnEHgnQ/zd8PfU6nc210=
golang.org/x/sync v0.17.0 h1:l60nONMj9l5drqw6jlhIELNv9I0A4OFgRsG9k2oT9Ug=
golang.org/x/sync v0.17.0/go.mod h1:9KTHXmSnoGruLpwFjVSX0lNNA75CykiMECbovNTZqGI=
golang.org/x/sys v0.37.0 h1:fdNQudmxPjkdUTPnLn5mdQv7Zwvbvpaxqs831goi9kQ=
golang.org/x/sys v0.37.0/go.mod h1:OgkHotnGiDImocRcuBABYBEXf8A9a87e/uXjp9XT3ks=
golang.org/x/text v0.30.0 h1:yznKA/E9zq54KzlzBEAWn1NXSQ8DIp/NYMy88xJjl4k=
golang.org/x/text v0.30.0/go.mod h1:yDdHFIX9t+tORqspjENWgzaCVXgk0yYnYuSZ8UzzBVM=
gopkg.in/check.v1 v0.0.0-20161208181325-20d25e280405 h1:yhCVgyC4o1eVCa2tZl7eS0r+SDo693bJlVdllGtEeKM=
gopkg.in/check.v1 v0.0.0-20161208181325-20d25e280405/go.mod h1:Co6ibVJAznAaIkqp8huTwlJQCZ016jof/cbN4VW5Yz0=
gopkg.in/yaml.v3 v3.0.1 h1:fxVm/GzAzEWqLHuvctI91KS9hhNmmWOoWu0XTYJS7CA=
gopkg.in/yaml.v3 v3.0.1/go.mod h1:K4uyk7z7BCEPqu6E+C64Yfv1cQ7kz7rIZviUmN+EgEM=
