cloudeng.io/algo v0.0.0-20221118174443-5eef698118a6/go.mod h1:dgJhQ6JXLysnBQG09/5Q56rwJfgyKXlnDbKzko9MhdA=
cloudeng.io/algo v0.0.0-20230304024356-5d6b315e83f0/go.mod h1:80eC8gNGsJP8ZBw+xCIh1kIpt77az1W7fJ+zqLRiE64=
cloudeng.io/algo v0.0.0-20230307023515-8a194fbc7867/go.mod h1:80eC8gNGsJP8ZBw+xCIh1kIpt77az1W7fJ+zqLRiE64=
cloudeng.io/algo v0.0.0-20230408194454-a3ea69cf3b9f/go.mod h1:80eC8gNGsJP8ZBw+xCIh1kIpt77az1W7fJ+zqLRiE64=
cloudeng.io/cmdutil v0.0.0-20230130231933-fe585c604aed/go.mod h1:nX3v2San8WLgYYmtom/+1GxmfKh3wWSyvnLvoxUz784=
cloudeng.io/cmdutil v0.0.0-20230913164637-56a6ca867a22 h1:X/m91X5uSXZF14m02K4hTuoC388ugQz4u/5AoQzSq3A=
cloudeng.io/cmdutil v0.0.0-20230913164637-56a6ca867a22/go.mod h1:Ln2giu4GEWg5M4XvyqqCHQ7I6pZ8i507o/NefJ6mCuI=
cloudeng.io/debug v0.0.0-20230105021008-948d22470af5/go.mod h1:UDKUtuaCh0+iaDe5+i70G3l3liexOPeU3h0lyUeAt+o=
cloudeng.io/errors v0.0.7/go.mod h1:xWamLL6tn3roKI6MRRFkw1jUkJL9s7CJzFYfaxuhHZk=
cloudeng.io/errors v0.0.8 h1:WEpTcAYnL2wsPm0qfMpXRupoO61DahxbD4doPKbsaGY=
cloudeng.io/errors v0.0.8/go.mod h1:xWamLL6tn3roKI6MRRFkw1jUkJL9s7CJzFYfaxuhHZk=
cloudeng.io/file v0.0.0-20230221162436-db7c7fd2cf04/go.mod h1:kcAJeuW9/AL/sw/sySiIoF+BHjDKcHawqTPyDAdwmrQ=
cloudeng.io/file v0.0.0-20230306215119-e71b407605cc/go.mod h1:1wtCIz069qanFkcbpb8F3msDf+W7G3Wjw5Om+KISyuQ=
cloudeng.io/file v0.0.0-20230309184059-9263072b1423/go.mod h1:Ow6f4Wu+6U8XQFP4U2Kr9izv+oU/jVMZyuCTmf6FaOc=
cloudeng.io/file v0.0.0-20230626173734-59e0cb432e38/go.mod h1:svdodwp2fOBjFOl+rTWwlZiPF+fQB9Q8RuhdHvPQlfA=
cloudeng.io/file v0.0.0-20230913164637-56a6ca867a22 h1:OZt8+76+/k/vIW6ri/2jXDK6P1O2yKkWgZZWq/gJEO8=
cloudeng.io/file v0.0.0-20230913164637-56a6ca867a22/go.mod h1:svdodwp2fOBjFOl+rTWwlZiPF+fQB9Q8RuhdHvPQlfA=
cloudeng.io/io v0.0.0-20230913164637-56a6ca867a22 h1:7XqRYR8kPrnm55+xwrzPI/bpoPm91k4L6Nni04cm1H8=
cloudeng.io/io v0.0.0-20230913164637-56a6ca867a22/go.mod h1:6Scpv2/l9yI5tTE0esMr5SN1bemcRhm4d+RR6tCeH1M=
cloudeng.io/net v0.0.0-20230214072348-e50d5014b274/go.mod h1:13BN0nf3e35fdeiFH0pgduqEhOgWLMvnhYtRYg4WKE8=
cloudeng.io/net v0.0.0-20230304024356-5d6b315e83f0/go.mod h1:D0bZpZHSBIlyvBG/i+JOubQDjxbYJX/eas8v9byykfc=
cloudeng.io/net v0.0.0-20230307023515-8a194fbc7867/go.mod h1:b7cZgzjeLZxVX1DJAEEQSdI9zLhruVy9XG20voObvKk=
cloudeng.io/net v0.0.0-20230408194454-a3ea69cf3b9f/go.mod h1:4TtqwU62cwzOBTm20oTBQqsJu3bNmFV8saDsJRCN21M=
cloudeng.io/os v0.0.0-20221118174443-5eef698118a6/go.mod h1:hhGubbGRTXGbe6T0ZU2RSXfCo1Ktvzfb0BcpkK4xqvY=
cloudeng.io/os v0.0.0-20230304024356-5d6b315e83f0/go.mod h1:Ak4HQwvBx5/6w5XT9VKS1BekYSi6QQAEvlbOtzN7eJA=
cloudeng.io/os v0.0.0-20230307023515-8a194fbc7867/go.mod h1:gBS7WALqIPNN8ovv1DIuf5/MlQ90mKDjMSjwN/ZvoD4=
cloudeng.io/os v0.0.0-20230408194454-a3ea69cf3b9f/go.mod h1:VaeqTUuJjqsGWuUAz4ZK9e2/RVXvV138F1X+8t+UyoI=
cloudeng.io/os v0.0.0-20230913164637-56a6ca867a22 h1:pnuvao+ZW8CQulpOZBQn3Z1/KVTBRuvDRtA4EbZzPq0=
cloudeng.io/os v0.0.0-20230913164637-56a6ca867a22/go.mod h1:VaeqTUuJjqsGWuUAz4ZK9e2/RVXvV138F1X+8t+UyoI=
cloudeng.io/path v0.0.4/go.mod h1:HTU24UoiQVjzSjN+K2kD8hpkBnoLGZh0OITJr3kfxUk=
cloudeng.io/path v0.0.8 h1:wyHHEJLPoHe8jq6I7xJxM90Cy8hVkMNvW+jEQRvF3lg=
cloudeng.io/path v0.0.8/go.mod h1:S9dU9pNDkx0EUIHY+Pcyfzs3/cItCI9lyClkwqv0PtM=
cloudeng.io/sync v0.0.8/go.mod h1:76qdZzMQSN+iPeQxY9MSbnSELKQmcd9E6pnfRgWgN8s=
cloudeng.io/sys v0.0.0-20211030052257-ec4c6f8b878e/go.mod h1:fNIWqX26NzdShrH3lBfxzPhP1jju7JOt7Rg8PxBvYvA=
cloudeng.io/sys v0.0.0-20221118174443-5eef698118a6/go.mod h1:fNIWqX26NzdShrH3lBfxzPhP1jju7JOt7Rg8PxBvYvA=
cloudeng.io/sys v0.0.0-20230221162436-db7c7fd2cf04/go.mod h1:DPEAeWYUvJ684GySwz0pzPtYxaPnZ7dyz1NHUcdNCEk=
cloudeng.io/sys v0.0.0-20230304024356-5d6b315e83f0/go.mod h1:R5nydEKnw8t2BjpQH87CGG59WEBb2rcRRTsqz1Ak5/s=
cloudeng.io/sys v0.0.0-20230306215119-e71b407605cc/go.mod h1:Lt8onmpJi8I5Xt2EyHtIfPkn4YaH12n4ehTr199ZGjY=
cloudeng.io/sys v0.0.0-20230307023515-8a194fbc7867/go.mod h1:Lt8onmpJi8I5Xt2EyHtIfPkn4YaH12n4ehTr199ZGjY=
cloudeng.io/sys v0.0.0-20230309184059-9263072b1423/go.mod h1:Lt8onmpJi8I5Xt2EyHtIfPkn4YaH12n4ehTr199ZGjY=
cloudeng.io/sys v0.0.0-20230323174002-73014ceab7ea h1:SnOrTQBXYLsmerg5Qjrr6iEN1PzfPeNuh7TDGI5E4mk=
cloudeng.io/sys v0.0.0-20230323174002-73014ceab7ea/go.mod h1:Lt8onmpJi8I5Xt2EyHtIfPkn4YaH12n4ehTr199ZGjY=
cloudeng.io/text v0.0.11 h1:q3+p3gxwNdr/V+k4+77fj9QxVpUU8G7B4+v26m+sE8I=
cloudeng.io/text v0.0.11/go.mod h1:99L3CQ55YhUy2+lHlFPowYyCoXO86fmkvNtcMT2X3GU=
github.com/chzyer/logex v1.2.0/go.mod h1:9+9sk7u7pGNWYMkh0hdiL++6OeibzJccyQU4p4MedaY=
github.com/chzyer/readline v1.5.0/go.mod h1:x22KAscuvRqlLoK9CsoYsmxoXZMMFVyOl86cAH8qUic=
github.com/chzyer/test v0.0.0-20210722231415-061457976a23/go.mod h1:Q3SI9o4m/ZMnBNeIyt5eFwwo7qiLfzFZmjNmxjkiQlU=
github.com/cosnicolaou/pudge v1.0.6/go.mod h1:PSbC4eylkssiQ+gAE+AWaMQSo41g/otqflfbcsMrupk=
github.com/google/pprof v0.0.0-20221219190121-3cb0bae90811/go.mod h1:dDKJzRmX4S37WGHujM7tX//fmj1uioxKzKxz3lo4HJo=
github.com/ianlancetaylor/demangle v0.0.0-20220319035150-800ac71e25c2/go.mod h1:aYm2/VgdVmcIU8iMfdMvDMsRAQjcfZSKFby6HOFvi/w=
github.com/yuin/goldmark v1.4.13/go.mod h1:6yULJ656Px+3vBD8DxQVa3kxgyrAnzto9xy5taEt/CY=
golang.org/x/crypto v0.0.0-20190308221718-c2843e01d9a2/go.mod h1:djNgcEr1/C05ACkg1iLfiJU5Ep61QUkGW8qpdssI0+w=
golang.org/x/crypto v0.0.0-20191011191535-87dc89f01550/go.mod h1:yigFU9vqHzYiE8UmvKecakEJjdnWj3jj499lnFckfCI=
golang.org/x/crypto v0.0.0-20210921155107-089bfa567519/go.mod h1:GvvjBRRGRdwPK5ydBHafDWAxML/pGHZbMvKqRZ5+Abc=
golang.org/x/crypto v0.13.0 h1:mvySKfSWJ+UKUii46M40LOvyWfN0s2U+46/jDd0e6Ck=
golang.org/x/crypto v0.13.0/go.mod h1:y6Z2r+Rw4iayiXXAIxJIDAJ1zMW4yaTpebo8fPOliYc=
golang.org/x/mod v0.5.1/go.mod h1:5OXOZSfqPIIbmVBIIKWRFfZjPR0E5r58TLhUjH0a2Ro=
golang.org/x/mod v0.6.0-dev.0.20220419223038-86c51ed26bb4/go.mod h1:jJ57K6gSWd91VN4djpZkiMVwK6gcyfeH4XE8wZrZaV4=
golang.org/x/mod v0.7.0/go.mod h1:iBbtSCu2XBx23ZKBPSOrRkjjQPZFPuis4dIYUhu/chs=
golang.org/x/mod v0.8.0/go.mod h1:iBbtSCu2XBx23ZKBPSOrRkjjQPZFPuis4dIYUhu/chs=
golang.org/x/net v0.0.0-20190404232315-eb5bcb51f2a3/go.mod h1:t9HGtf8HONx5eT2rtn7q6eTqICYqUVnKs3thJo3Qplg=
golang.org/x/net v0.0.0-20190620200207-3b0461eec859/go.mod h1:z5CRVTTTmAJ677TzLLGU+0bjPO0LkuOLi4/5GtJWs/s=
golang.org/x/net v0.0.0-20210226172049-e18ecbb05110/go.mod h1:m0MpNAwzfU5UDzcl9v0D8zg8gWTRqZa9RBIspLL5mdg=
golang.org/x/net v0.0.0-20220722155237-a158d28d115b/go.mod h1:XRhObCWvk6IyKnWLug+ECip1KBveYUHfp+8e9klMJ9c=
golang.org/x/net v0.6.0/go.mod h1:2Tu9+aMcznHK/AK1HMvgo6xiTLG5rD5rZLDS+rp2Bjs=
golang.org/x/net v0.7.0/go.mod h1:2Tu9+aMcznHK/AK1HMvgo6xiTLG5rD5rZLDS+rp2Bjs=
golang.org/x/net v0.8.0/go.mod h1:QVkue5JL9kW//ek3r6jTKnTFis1tRmNAW2P1shuFdJc=
golang.org/x/net v0.9.0/go.mod h1:d48xBJpPfHeWQsugry2m+kC02ZBRGRgulfHnEXEuWns=
golang.org/x/net v0.10.0/go.mod h1:0qNGK6F8kojg2nk9dLZ2mShWaEBan6FAoqfSigmmuDg=
golang.org/x/net v0.15.0 h1:ugBLEUaxABaB5AJqW9enI0ACdci2RUd4eP51NTBvuJ8=
golang.org/x/net v0.15.0/go.mod h1:idbUs1IY1+zTqbi8yxTbhexhEEk5ur9LInksu6HrEpk=
golang.org/x/sync v0.0.0-20190423024810-112230192c58/go.mod h1:RxMgew5VJxzue5/jJTE5uejpjVlOe/izrB70Jof72aM=
golang.org/x/sync v0.0.0-20220722155255-886fb9371eb4/go.mod h1:RxMgew5VJxzue5/jJTE5uejpjVlOe/izrB70Jof72aM=
golang.org/x/sync v0.1.0/go.mod h1:RxMgew5VJxzue5/jJTE5uejpjVlOe/izrB70Jof72aM=
golang.org/x/sys v0.0.0-20190215142949-d0b11bdaac8a/go.mod h1:STP8DvDyc/dI5b8T5hshtkjS+E42TnysNCUPdjciGhY=
golang.org/x/sys v0.0.0-20190412213103-97732733099d/go.mod h1:h1NjWce9XRLGQEsW7wpKNCjG9DtNlClVuFLEZdDNbEs=
golang.org/x/sys v0.0.0-20201119102817-f84b799fce68/go.mod h1:h1NjWce9XRLGQEsW7wpKNCjG9DtNlClVuFLEZdDNbEs=
golang.org/x/sys v0.0.0-20210615035016-665e8c7367d1/go.mod h1:oPkhp1MJrh7nUepCBck5+mAzfO9JrbApNNgaTdGDITg=
golang.org/x/sys v0.0.0-20211029165221-6e7872819dc8/go.mod h1:oPkhp1MJrh7nUepCBck5+mAzfO9JrbApNNgaTdGDITg=
golang.org/x/sys v0.0.0-20220310020820-b874c991c1a5/go.mod h1:oPkhp1MJrh7nUepCBck5+mAzfO9JrbApNNgaTdGDITg=
golang.org/x/sys v0.0.0-20220520151302-bc2c85ada10a/go.mod h1:oPkhp1MJrh7nUepCBck5+mAzfO9JrbApNNgaTdGDITg=
golang.org/x/sys v0.0.0-20220722155257-8c9f86f7a55f/go.mod h1:oPkhp1MJrh7nUepCBck5+mAzfO9JrbApNNgaTdGDITg=
golang.org/x/sys v0.2.0/go.mod h1:oPkhp1MJrh7nUepCBck5+mAzfO9JrbApNNgaTdGDITg=
golang.org/x/sys v0.5.0/go.mod h1:oPkhp1MJrh7nUepCBck5+mAzfO9JrbApNNgaTdGDITg=
golang.org/x/sys v0.6.0/go.mod h1:oPkhp1MJrh7nUepCBck5+mAzfO9JrbApNNgaTdGDITg=
golang.org/x/sys v0.7.0/go.mod h1:oPkhp1MJrh7nUepCBck5+mAzfO9JrbApNNgaTdGDITg=
golang.org/x/sys v0.8.0/go.mod h1:oPkhp1MJrh7nUepCBck5+mAzfO9JrbApNNgaTdGDITg=
golang.org/x/sys v0.12.0 h1:CM0HF96J0hcLAwsHPJZjfdNzs0gftsLfgKt57wWHJ0o=
golang.org/x/sys v0.12.0/go.mod h1:oPkhp1MJrh7nUepCBck5+mAzfO9JrbApNNgaTdGDITg=
golang.org/x/term v0.0.0-20201126162022-7de9c90e9dd1/go.mod h1:bj7SfCRtBDWHUb9snDiAeCFNEtKQo2Wmx5Cou7ajbmo=
golang.org/x/term v0.0.0-20210927222741-03fcf44c2211/go.mod h1:jbD1KX2456YbFQfuXm/mYQcufACuNUgVhRMnK/tPxf8=
golang.org/x/term v0.5.0/go.mod h1:jMB1sMXY+tzblOD4FWmEbocvup2/aLOaQEp7JmGp78k=
golang.org/x/term v0.6.0/go.mod h1:m6U89DPEgQRMq3DNkDClhWw02AUbt2daBVO4cn4Hv9U=
golang.org/x/term v0.7.0/go.mod h1:P32HKFT3hSsZrRxla30E9HqToFYAQPCMs/zFMBUFqPY=
golang.org/x/term v0.8.0/go.mod h1:xPskH00ivmX89bAKVGSKKtLOWNx2+17Eiy94tnKShWo=
golang.org/x/term v0.12.0/go.mod h1:owVbMEjm3cBLCHdkQu9b1opXd4ETQWc3BhuQGKgXgvU=
golang.org/x/text v0.3.0/go.mod h1:NqM8EUOU14njkJ3fqMW+pc6Ldnwhi/IjpwHt7yyuwOQ=
golang.org/x/text v0.3.3/go.mod h1:5Zoc/QRtKVWzQhOtBMvqHzDpF6irO9z98xDceosuGiQ=
golang.org/x/text v0.3.7/go.mod h1:u+2+/6zg+i71rQMx5EYifcz6MCKuco9NR6JIITiCfzQ=
golang.org/x/text v0.7.0/go.mod h1:mrYo+phRRbMaCq/xk9113O4dZlRixOauAjOtrjsXDZ8=
golang.org/x/text v0.8.0/go.mod h1:e1OnstbJyHTd6l/uOt8jFFHp6TRDWZR/bV3emEE/zU8=
golang.org/x/text v0.9.0/go.mod h1:e1OnstbJyHTd6l/uOt8jFFHp6TRDWZR/bV3emEE/zU8=
golang.org/x/text v0.13.0 h1:ablQoSUd0tRdKxZewP80B+BaqeKJuVhuRxj/dkrun3k=
golang.org/x/text v0.13.0/go.mod h1:TvPlkZtksWOMsz7fbANvkp4WM8x/WCo/om8BMLbz+aE=
golang.org/x/tools v0.0.0-20180917221912-90fa682c2a6e/go.mod h1:n7NCudcB/nEzxVGmLbDWY5pfWTLqBcC2KZ6jyYvM4mQ=
golang.org/x/tools v0.0.0-20191119224855-298f0cb1881e/go.mod h1:b+2E5dAYhXwXZwtnZ6UAqBI28+e2cm9otk0dWdXHAEo=
golang.org/x/tools v0.1.12/go.mod h1:hNGJHUnrk76NpqgfD5Aqm5Crs+Hm0VOH/i9J2+nxYbc=
golang.org/x/tools v0.6.0/go.mod h1:Xwgl3UAJ/d3gWutnCtw505GrjyAbvKui8lOU390QaIU=
golang.org/x/xerrors v0.0.0-20190717185122-a985d3407aa7/go.mod h1:I/5z698sn9Ka8TeJc9MKroUUfqBBauWjQqLJ2OPfmY0=
golang.org/x/xerrors v0.0.0-20191011141410-1b5146add898/go.mod h1:I/5z698sn9Ka8TeJc9MKroUUfqBBauWjQqLJ2OPfmY0=
golang.org/x/xerrors v0.0.0-20200804184101-5ec99f83aff1/go.mod h1:I/5z698sn9Ka8TeJc9MKroUUfqBBauWjQqLJ2OPfmY0=
gopkg.in/check.v1 v0.0.0-20161208181325-20d25e280405 h1:yhCVgyC4o1eVCa2tZl7eS0r+SDo693bJlVdllGtEeKM=
gopkg.in/check.v1 v0.0.0-20161208181325-20d25e280405/go.mod h1:Co6ibVJAznAaIkqp8huTwlJQCZ016jof/cbN4VW5Yz0=
gopkg.in/yaml.v3 v3.0.1 h1:fxVm/GzAzEWqLHuvctI91KS9hhNmmWOoWu0XTYJS7CA=
gopkg.in/yaml.v3 v3.0.1/go.mod h1:K4uyk7z7BCEPqu6E+C64Yfv1cQ7kz7rIZviUmN+EgEM=
