cloudeng.io/cmdutil v0.0.0-20250609000856-e90addcdd7e2 h1:fiDGuk2tltX9H18o6V+MtImIxsZVNftUDfxoY7My8uE=
cloudeng.io/cmdutil v0.0.0-20250609000856-e90addcdd7e2/go.mod h1:cdA+lzBTdzRDglLOacu63J+tgu/TO3IQ8jGskda6ntQ=
cloudeng.io/errors v0.0.8/go.mod h1:xWamLL6tn3roKI6MRRFkw1jUkJL9s7CJzFYfaxuhHZk=
cloudeng.io/errors v0.0.10 h1:M/UgEEjD1v9MiGAw4QFkSREPdmScPt1YVuKESbRy8zU=
cloudeng.io/errors v0.0.10/go.mod h1:GO+C05d4kZnEqUC5Po9vajcyG8ibIzYCcOuomXHEznQ=
cloudeng.io/file v0.0.0-20250609000856-e90addcdd7e2 h1:foUmuGAnWjjL3JsHoWGOVqMnxXjQICyyPATUPs+HLvc=
cloudeng.io/file v0.0.0-20250609000856-e90addcdd7e2/go.mod h1:hynWoNEuDZzS3kA+hZXSHaVa9pcmRqrSQxWuFMeypaM=
cloudeng.io/io v0.0.0-20250609000856-e90addcdd7e2 h1:mpug/WHqIGULJw6ZpPgSnoqQ1p90CkTYhMxugvLmC0A=
cloudeng.io/io v0.0.0-20250609000856-e90addcdd7e2/go.mod h1:a0lVHdBu3pI1Of93M7SnYVaSHKUN+VrONnOeNKX/wvM=
cloudeng.io/os v0.0.0-20250609000856-e90addcdd7e2 h1:DFLN9Qjjm/oxBjMTRleoumR19onANePiLFhzUgxU4K8=
cloudeng.io/os v0.0.0-20250609000856-e90addcdd7e2/go.mod h1:P5SsLQqgYloG+cG0B74JYzNi6lhvtfRW02Faz9RXl3A=
cloudeng.io/sys v0.0.0-20250119024745-8a46e9bdda10 h1:A+45DKSFriLzKE418FjYqD9Ft1+9Am1gzY67Hzr4cPs=
cloudeng.io/sys v0.0.0-20250119024745-8a46e9bdda10/go.mod h1:DTZ/0U2Qj6+6HoD2x22VI5E1KdEY/eS5cZLaQ78P9j8=
cloudeng.io/text v0.0.11 h1:q3+p3gxwNdr/V+k4+77fj9QxVpUU8G7B4+v26m+sE8I=
cloudeng.io/text v0.0.11/go.mod h1:99L3CQ55YhUy2+lHlFPowYyCoXO86fmkvNtcMT2X3GU=
golang.org/x/crypto v0.39.0 h1:SHs+kF4LP+f+p14esP5jAoDpHU8Gu/v9lFRK6IT5imM=
golang.org/x/crypto v0.39.0/go.mod h1:L+Xg3Wf6HoL4Bn4238Z6ft6KfEpN0tJGo53AAPC632U=
golang.org/x/net v0.41.0 h1:vBTly1HeNPEn3wtREYfy4GZ/NECgw2Cnl+nK6Nz3uvw=
golang.org/x/net v0.41.0/go.mod h1:B/K4NNqkfmg07DQYrbwvSluqCJOOXwUjeb/5lOisjbA=
golang.org/x/sys v0.33.0 h1:q3i8TbbEz+JRD9ywIRlyRAQbM0qF7hu24q3teo2hbuw=
golang.org/x/sys v0.33.0/go.mod h1:BJP2sWEmIv4KK5OTEluFJCKSidICx8ciO85XgH3Ak8k=
golang.org/x/text v0.26.0 h1:P42AVeLghgTYr4+xUnTRKDMqpar+PtX7KWuNQL21L8M=
golang.org/x/text v0.26.0/go.mod h1:QK15LZJUUQVJxhz7wXgxSy/CJaTFjd0G+YLonydOVQA=
gopkg.in/check.v1 v0.0.0-20161208181325-20d25e280405 h1:yhCVgyC4o1eVCa2tZl7eS0r+SDo693bJlVdllGtEeKM=
gopkg.in/check.v1 v0.0.0-20161208181325-20d25e280405/go.mod h1:Co6ibVJAznAaIkqp8huTwlJQCZ016jof/cbN4VW5Yz0=
gopkg.in/yaml.v3 v3.0.1 h1:fxVm/GzAzEWqLHuvctI91KS9hhNmmWOoWu0XTYJS7CA=
gopkg.in/yaml.v3 v3.0.1/go.mod h1:K4uyk7z7BCEPqu6E+C64Yfv1cQ7kz7rIZviUmN+EgEM=
