cloudeng.io/errors v0.0.9 h1:gHv7vqtI8pvhjJFsu4d60bYwOaT9sM6tn0ykoaw11WA=
cloudeng.io/errors v0.0.9/go.mod h1:xWamLL6tn3roKI6MRRFkw1jUkJL9s7CJzFYfaxuhHZk=
cloudeng.io/file v0.0.0-20240214013242-3c0d4550fc32 h1:+GnLZFqbEFla0+woaG426swMj9vVNyu7zGSwrIynFc8=
cloudeng.io/file v0.0.0-20240214013242-3c0d4550fc32/go.mod h1:YXIkqlmkw3GwyT3q+MzulnH5V613GwSQcCCgmc0qQoQ=
