cloudeng.io/errors v0.0.5 h1:NmCUhMIvWQ/0Ny3cBWplA2RXPcnyNUiMovPe64LgX3A=
cloudeng.io/errors v0.0.5/go.mod h1:4iZnGEBj5F3SqTHZF6AHiFMgeHeJWJJkVHx/UwbDYok=
cloudeng.io/errors v0.0.6 h1:4YRdxFk260BVH2tgFAY5oe2nKWAN0VXbFWlqOqSikUk=
cloudeng.io/errors v0.0.6/go.mod h1:4iZnGEBj5F3SqTHZF6AHiFMgeHeJWJJkVHx/UwbDYok=
