cloudeng.io/algo v0.0.0-20251104015021-54a496e297ea h1:3pL2bVDZffS3ro5rTY1DeXkBRHj0ea4JSWEOqhhIhXk=
cloudeng.io/algo v0.0.0-20251104015021-54a496e297ea/go.mod h1:UZ8vyc4kEQUKOdaj5K0KfFZjUbSguHKBTEkhzA17zmw=
cloudeng.io/cmdutil v0.0.0-20251104015021-54a496e297ea h1:sax+xrMJKBbhn1W+6Ml0n3m+hFJ8ZUe2blciAWNh2bs=
cloudeng.io/cmdutil v0.0.0-20251104015021-54a496e297ea/go.mod h1:DPmPt2BHWbkbVQ96AwvESlACDFHncHvXNqdFs0/e/68=
cloudeng.io/debug v0.0.0-20251104015021-54a496e297ea h1:K2/TPNORTq4729F0Msn+wipJvDH4dgl+OXMRVA9dj98=
cloudeng.io/debug v0.0.0-20251104015021-54a496e297ea/go.mod h1:XmMPhxxJQ3OEPfcwsIUNqj9cjlTiwwSDK3hCCAQYeLw=
cloudeng.io/errors v0.0.13-0.20251104015021-54a496e297ea h1:q28O7qOucFwKnzivul5GbAcrIbabaBNWr6N0o93lMVY=
cloudeng.io/errors v0.0.13-0.20251104015021-54a496e297ea/go.mod h1:+IAMDlCNxHDxlWE9vjkPxED0d7Wzt7Nl3REebuCO4m8=
cloudeng.io/file v0.0.0-20251104015021-54a496e297ea h1:qqt8XsfSpBCOt45WHtz4ERcTWND0GkoIhlpVj+VjaHQ=
cloudeng.io/file v0.0.0-20251104015021-54a496e297ea/go.mod h1:dgJl/nOmxeGrrC3mZRfPHFtKyDjN5cbZ2OUQBCyCHt4=
cloudeng.io/io v0.0.0-20251104015021-54a496e297ea h1:iv5SkrL9h9hRxL/5n7P3bHc/2fCj1iJMaCTEbQybJgk=
cloudeng.io/io v0.0.0-20251104015021-54a496e297ea/go.mod h1:/u0+6liAj0DiO19JY+QA63pwgLoSlY2XdyCSVbmn4Rc=
cloudeng.io/logging v0.0.0-20251104015021-54a496e297ea h1:VuIAOmipNBmGcp/MnXRxL0xFL6pQ4+rBT7Xw0yLt4gI=
cloudeng.io/logging v0.0.0-20251104015021-54a496e297ea/go.mod h1:D0TUs3Aiwa1c7xI/TE7JITYnICck34r6DR5twakJjIs=
cloudeng.io/net v0.0.0-20251104015021-54a496e297ea h1:3579exuwc1G6nkIG/C9Raxjb59lQOnnGjZcspf3taTc=
cloudeng.io/net v0.0.0-20251104015021-54a496e297ea/go.mod h1:axC62OVIKFR0L0uamfK8txQDIJbQNqSHOwxxfLYFRRs=
cloudeng.io/os v0.0.0-20251104015021-54a496e297ea h1:4kEuKaVhSFxU404NFJiILgESnRcaWLmOOxRqLlZ6Tfg=
cloudeng.io/os v0.0.0-20251104015021-54a496e297ea/go.mod h1:xQsByebMtXLdGvJhzjQ8T6XMvxxaq/gd3Looa8I+gu8=
cloudeng.io/sync v0.0.9-0.20251104015021-54a496e297ea h1:19TpGlUl3bJnwfKp+qzh3FdVaRpd3mfRvCEVF+eCT+o=
cloudeng.io/sync v0.0.9-0.20251104015021-54a496e297ea/go.mod h1:bPp7qbb4lSaOsQEAsGX7NCvyKAgekc4/Vxd2yYeyVM0=
cloudeng.io/sys v0.0.0-20251104015021-54a496e297ea h1:ZMbdGsIkEI1ETAka6eMTFNSe0CKWsiAcf5F+unT4WMc=
cloudeng.io/sys v0.0.0-20251104015021-54a496e297ea/go.mod h1:s036XnilFQX0iapupqPzSXynr+y6kF5662w2gnM496Y=
cloudeng.io/text v0.0.12-0.20251104001519-e5e3fc20cf3e h1:emqJ7YvPC6hpROV4vaZlca1LHTA+k1jDNQH0ChNFsTw=
cloudeng.io/text v0.0.12-0.20251104001519-e5e3fc20cf3e/go.mod h1:6rDG6qEzGxe8ePNBz7VwSf0ps9p9ihDB/uXSFR0CJvk=
cloudeng.io/windows v0.0.0-20251104015021-54a496e297ea h1:bX0tAE8mGdR6rrnF9gpCZLWwibvXxWV+ANt6OP2Rr00=
cloudeng.io/windows v0.0.0-20251104015021-54a496e297ea/go.mod h1:tUOArMXLISe8OY+lHimWwdHMev5N7MwQGczQgTYZb3Y=
github.com/go-chi/chi/v5 v5.2.3 h1:WQIt9uxdsAbgIYgid+BpYc+liqQZGMHRaUwp0JUcvdE=
github.com/go-chi/chi/v5 v5.2.3/go.mod h1:L2yAIGWB3H+phAw1NxKwWM+7eUH/lU8pOMm5hHcoops=
golang.org/x/crypto v0.43.0 h1:dduJYIi3A3KOfdGOHX8AVZ/jGiyPa3IbBozJ5kNuE04=
golang.org/x/crypto v0.43.0/go.mod h1:BFbav4mRNlXJL4wNeejLpWxB7wMbc79PdRGhWKncxR0=
golang.org/x/net v0.46.0 h1:giFlY12I07fugqwPuWJi68oOnpfqFnJIJzaIIm2JVV4=
golang.org/x/net v0.46.0/go.mod h1:Q9BGdFy1y4nkUwiLvT5qtyhAnEHgnQ/zd8PfU6nc210=
golang.org/x/sys v0.37.0 h1:fdNQudmxPjkdUTPnLn5mdQv7Zwvbvpaxqs831goi9kQ=
golang.org/x/sys v0.37.0/go.mod h1:OgkHotnGiDImocRcuBABYBEXf8A9a87e/uXjp9XT3ks=
golang.org/x/text v0.30.0 h1:yznKA/E9zq54KzlzBEAWn1NXSQ8DIp/NYMy88xJjl4k=
golang.org/x/text v0.30.0/go.mod h1:yDdHFIX9t+tORqspjENWgzaCVXgk0yYnYuSZ8UzzBVM=
gopkg.in/check.v1 v0.0.0-20161208181325-20d25e280405 h1:yhCVgyC4o1eVCa2tZl7eS0r+SDo693bJlVdllGtEeKM=
gopkg.in/check.v1 v0.0.0-20161208181325-20d25e280405/go.mod h1:Co6ibVJAznAaIkqp8huTwlJQCZ016jof/cbN4VW5Yz0=
gopkg.in/yaml.v3 v3.0.1 h1:fxVm/GzAzEWqLHuvctI91KS9hhNmmWOoWu0XTYJS7CA=
gopkg.in/yaml.v3 v3.0.1/go.mod h1:K4uyk7z7BCEPqu6E+C64Yfv1cQ7kz7rIZviUmN+EgEM=
