cloudeng.io/cmdutil v0.0.0-20250820215211-e1b65c305908 h1:+U4JreDskuIJlC0uTdRIDqZG5EYkhnQefrTZaPQmG5c=
cloudeng.io/cmdutil v0.0.0-20250820215211-e1b65c305908/go.mod h1:DPmPt2BHWbkbVQ96AwvESlACDFHncHvXNqdFs0/e/68=
cloudeng.io/errors v0.0.8/go.mod h1:xWamLL6tn3roKI6MRRFkw1jUkJL9s7CJzFYfaxuhHZk=
cloudeng.io/errors v0.0.12 h1:yrEEm5tPWMIhY4rFvsM+7fb2GyZ1euciYsU2LQkjYr8=
cloudeng.io/errors v0.0.12/go.mod h1:+IAMDlCNxHDxlWE9vjkPxED0d7Wzt7Nl3REebuCO4m8=
cloudeng.io/file v0.0.0-20250820215211-e1b65c305908 h1:hJVIHCdCeLGfq7fQJxhXL1HlpoIxRUTAo9IPRFsBb3M=
cloudeng.io/file v0.0.0-20250820215211-e1b65c305908/go.mod h1:jiCbAhG39q/v5JSIqPl9QGcEtTeE3HRvo3ZnFcJttbM=
cloudeng.io/io v0.0.0-20250820215211-e1b65c305908 h1:P7TX7sab/isb+j/l/cmtxjqMf+YWSMHOZQe5YRAVeeE=
cloudeng.io/io v0.0.0-20250820215211-e1b65c305908/go.mod h1:/u0+6liAj0DiO19JY+QA63pwgLoSlY2XdyCSVbmn4Rc=
cloudeng.io/logging v0.0.0-20250820215211-e1b65c305908 h1:MkSh60TTcYqI46jjxYjeZla0JdLPfKG3c4QXkwCu7Ug=
cloudeng.io/logging v0.0.0-20250820215211-e1b65c305908/go.mod h1:D0TUs3Aiwa1c7xI/TE7JITYnICck34r6DR5twakJjIs=
cloudeng.io/os v0.0.0-20250820215211-e1b65c305908 h1:M4+eCsfKAZWbKEOK9J9ly9EANOiz+zhqmtBmlQRjLF8=
cloudeng.io/os v0.0.0-20250820215211-e1b65c305908/go.mod h1:P5SsLQqgYloG+cG0B74JYzNi6lhvtfRW02Faz9RXl3A=
cloudeng.io/text v0.0.11 h1:q3+p3gxwNdr/V+k4+77fj9QxVpUU8G7B4+v26m+sE8I=
cloudeng.io/text v0.0.11/go.mod h1:99L3CQ55YhUy2+lHlFPowYyCoXO86fmkvNtcMT2X3GU=
cloudeng.io/windows v0.0.0-20250612041530-deb36e66c3b5 h1:+UAXMwMx+4LouXX2k3kes6wly1wWSch8Vv8JpRhtjL8=
cloudeng.io/windows v0.0.0-20250612041530-deb36e66c3b5/go.mod h1:GBP/cmfJXkTx4AnvjrZvRb9lSJs3c062EK9wq+4hdKM=
github.com/go-chi/chi/v5 v5.2.3 h1:WQIt9uxdsAbgIYgid+BpYc+liqQZGMHRaUwp0JUcvdE=
github.com/go-chi/chi/v5 v5.2.3/go.mod h1:L2yAIGWB3H+phAw1NxKwWM+7eUH/lU8pOMm5hHcoops=
github.com/julienschmidt/httprouter v1.3.0 h1:U0609e9tgbseu3rBINet9P48AI/D3oJs4dN7jwJOQ1U=
github.com/julienschmidt/httprouter v1.3.0/go.mod h1:JR6WtHb+2LUe8TCKY3cZOxFyyO8IZAc4RVcycCCAKdM=
golang.org/x/net v0.44.0 h1:evd8IRDyfNBMBTTY5XRF1vaZlD+EmWx6x8PkhR04H/I=
golang.org/x/net v0.44.0/go.mod h1:ECOoLqd5U3Lhyeyo/QDCEVQ4sNgYsqvCZ722XogGieY=
golang.org/x/sys v0.36.0 h1:KVRy2GtZBrk1cBYA7MKu5bEZFxQk4NIDV6RLVcC8o0k=
golang.org/x/sys v0.36.0/go.mod h1:OgkHotnGiDImocRcuBABYBEXf8A9a87e/uXjp9XT3ks=
golang.org/x/text v0.29.0 h1:1neNs90w9YzJ9BocxfsQNHKuAT4pkghyXc4nhZ6sJvk=
golang.org/x/text v0.29.0/go.mod h1:7MhJOA9CD2qZyOKYazxdYMF85OwPdEr9jTtBpO7ydH4=
gopkg.in/check.v1 v0.0.0-20161208181325-20d25e280405 h1:yhCVgyC4o1eVCa2tZl7eS0r+SDo693bJlVdllGtEeKM=
gopkg.in/check.v1 v0.0.0-20161208181325-20d25e280405/go.mod h1:Co6ibVJAznAaIkqp8huTwlJQCZ016jof/cbN4VW5Yz0=
gopkg.in/yaml.v3 v3.0.1 h1:fxVm/GzAzEWqLHuvctI91KS9hhNmmWOoWu0XTYJS7CA=
gopkg.in/yaml.v3 v3.0.1/go.mod h1:K4uyk7z7BCEPqu6E+C64Yfv1cQ7kz7rIZviUmN+EgEM=
