cloudeng.io/cmdutil v0.0.0-20250119024745-8a46e9bdda10 h1:BRG1xmkniP+I5anb3a3GWJJMixDOqDQMIPteBar//yM=
cloudeng.io/cmdutil v0.0.0-20250119024745-8a46e9bdda10/go.mod h1:SaquTd0cZsJxXo4C/UzVIlGGgqSqxXXaWpZj8O35zg4=
cloudeng.io/errors v0.0.8/go.mod h1:xWamLL6tn3roKI6MRRFkw1jUkJL9s7CJzFYfaxuhHZk=
cloudeng.io/errors v0.0.10 h1:M/UgEEjD1v9MiGAw4QFkSREPdmScPt1YVuKESbRy8zU=
cloudeng.io/errors v0.0.10/go.mod h1:GO+C05d4kZnEqUC5Po9vajcyG8ibIzYCcOuomXHEznQ=
cloudeng.io/file v0.0.0-20250119024745-8a46e9bdda10 h1:beVESn7Y/6FM4aW3Z9ATTPaPEeDf/mDjD10r+VIxnD8=
cloudeng.io/file v0.0.0-20250119024745-8a46e9bdda10/go.mod h1:cpn65256dvwrs7+iULJk+DSTiCtzVdb9ojENSHNQUkE=
cloudeng.io/io v0.0.0-20250119024745-8a46e9bdda10 h1:LVI2j4lV3f+WHARc/Y+Xh4GJdhbVNB38TFbui66ODcE=
cloudeng.io/io v0.0.0-20250119024745-8a46e9bdda10/go.mod h1:a0lVHdBu3pI1Of93M7SnYVaSHKUN+VrONnOeNKX/wvM=
cloudeng.io/os v0.0.0-20250119024745-8a46e9bdda10 h1:v0LudH/q9hc9vEGLxz5aNjA3ASKTca/83yY31slV/2g=
cloudeng.io/os v0.0.0-20250119024745-8a46e9bdda10/go.mod h1:tnc2lAD/ct2ElpoP6kZWZZt1WSFg/3x/lkrXCxj9ASE=
cloudeng.io/sys v0.0.0-20241215221655-bd556f44d3de h1:2dR/6jXgP9389VRmITTf5Tq/Y6ZR4eOslv7eCp1QjBA=
cloudeng.io/sys v0.0.0-20241215221655-bd556f44d3de/go.mod h1:+M7NyebWG0PtPqAn6kdlQMbZqnJ8JR5lrYb/WrMJBJw=
cloudeng.io/text v0.0.11 h1:q3+p3gxwNdr/V+k4+77fj9QxVpUU8G7B4+v26m+sE8I=
cloudeng.io/text v0.0.11/go.mod h1:99L3CQ55YhUy2+lHlFPowYyCoXO86fmkvNtcMT2X3GU=
github.com/julienschmidt/httprouter v1.3.0 h1:U0609e9tgbseu3rBINet9P48AI/D3oJs4dN7jwJOQ1U=
github.com/julienschmidt/httprouter v1.3.0/go.mod h1:JR6WtHb+2LUe8TCKY3cZOxFyyO8IZAc4RVcycCCAKdM=
golang.org/x/net v0.39.0 h1:ZCu7HMWDxpXpaiKdhzIfaltL9Lp31x/3fCP11bc6/fY=
golang.org/x/net v0.39.0/go.mod h1:X7NRbYVEA+ewNkCNyJ513WmMdQ3BineSwVtN2zD/d+E=
golang.org/x/sys v0.32.0 h1:s77OFDvIQeibCmezSnk/q6iAfkdiQaJi4VzroCFrN20=
golang.org/x/sys v0.32.0/go.mod h1:BJP2sWEmIv4KK5OTEluFJCKSidICx8ciO85XgH3Ak8k=
golang.org/x/text v0.24.0 h1:dd5Bzh4yt5KYA8f9CJHCP4FB4D51c2c6JvN37xJJkJ0=
golang.org/x/text v0.24.0/go.mod h1:L8rBsPeo2pSS+xqN0d5u2ikmjtmoJbDBT1b7nHvFCdU=
gopkg.in/check.v1 v0.0.0-20161208181325-20d25e280405 h1:yhCVgyC4o1eVCa2tZl7eS0r+SDo693bJlVdllGtEeKM=
gopkg.in/check.v1 v0.0.0-20161208181325-20d25e280405/go.mod h1:Co6ibVJAznAaIkqp8huTwlJQCZ016jof/cbN4VW5Yz0=
gopkg.in/yaml.v3 v3.0.1 h1:fxVm/GzAzEWqLHuvctI91KS9hhNmmWOoWu0XTYJS7CA=
gopkg.in/yaml.v3 v3.0.1/go.mod h1:K4uyk7z7BCEPqu6E+C64Yfv1cQ7kz7rIZviUmN+EgEM=
