cloudeng.io/algo v0.0.0-20260108054113-6b0ece4b9fa3 h1:ySfrAPmxwYEZuPWtSEm/UIcEDEdbdCN76ZMjJNbattA=
cloudeng.io/algo v0.0.0-20260108054113-6b0ece4b9fa3/go.mod h1:UZ8vyc4kEQUKOdaj5K0KfFZjUbSguHKBTEkhzA17zmw=
cloudeng.io/debug v0.0.0-20251104013446-a84136171725 h1:3K5MotvheISePKOpF6e4Mn7DCFNhiXi3mzTTLSn+nmA=
cloudeng.io/debug v0.0.0-20251104013446-a84136171725/go.mod h1:XmMPhxxJQ3OEPfcwsIUNqj9cjlTiwwSDK3hCCAQYeLw=
cloudeng.io/errors v0.0.13 h1:VNAhh/LMgXDzfSx/LxeYU+A6UUBP6K65yTyvQd2OJ5E=
cloudeng.io/errors v0.0.13/go.mod h1:+IAMDlCNxHDxlWE9vjkPxED0d7Wzt7Nl3REebuCO4m8=
cloudeng.io/file v0.0.0-20260108054113-6b0ece4b9fa3 h1:T4W+kRcV4/lzKiaxa4A1NZuBrXvCDZcaMgVuX5FkbrM=
cloudeng.io/file v0.0.0-20260108054113-6b0ece4b9fa3/go.mod h1:XylogDo6ioXjS1/DNNsvYdCsA320trOjEa0aWu2af98=
cloudeng.io/sync v0.0.9-0.20251104013446-a84136171725 h1:VOMaCAr/QDNPu2ZcbuV9JwWzGJmnXzJjrW9PwuV/H2g=
cloudeng.io/sync v0.0.9-0.20251104013446-a84136171725/go.mod h1:bPp7qbb4lSaOsQEAsGX7NCvyKAgekc4/Vxd2yYeyVM0=
cloudeng.io/sys v0.0.0-20260108054113-6b0ece4b9fa3 h1:VXm70ZMfCsIJ6chiLdJou+EkyefAOvL3kg8FKv1ClBs=
cloudeng.io/sys v0.0.0-20260108054113-6b0ece4b9fa3/go.mod h1:uYoxAmkWot8hXRb/H6nxrM8Fbhoq5Kzv957WWVpti0o=
golang.org/x/sys v0.40.0 h1:DBZZqJ2Rkml6QMQsZywtnjnnGvHza6BTfYFWY9kjEWQ=
golang.org/x/sys v0.40.0/go.mod h1:OgkHotnGiDImocRcuBABYBEXf8A9a87e/uXjp9XT3ks=
