cloudeng.io/algo v0.0.0-20251022235903-3549681abaec h1:uT6AQMT3PaGgwKYVhQCGC7kGt2lnQL5BhlmW0VePTfQ=
cloudeng.io/algo v0.0.0-20251022235903-3549681abaec/go.mod h1:UZ8vyc4kEQUKOdaj5K0KfFZjUbSguHKBTEkhzA17zmw=
cloudeng.io/debug v0.0.0-20231026032435-4ad1389db593 h1:WEFkomseqbtoV3sDgMh25BeMUjajGB3nFRUbV1X/auo=
cloudeng.io/debug v0.0.0-20231026032435-4ad1389db593/go.mod h1:L94l9rix3PTZaCmlR4UiHtcU0ZVlFu5/BWbwgWSqqqk=
cloudeng.io/errors v0.0.12 h1:yrEEm5tPWMIhY4rFvsM+7fb2GyZ1euciYsU2LQkjYr8=
cloudeng.io/errors v0.0.12/go.mod h1:+IAMDlCNxHDxlWE9vjkPxED0d7Wzt7Nl3REebuCO4m8=
cloudeng.io/file v0.0.0-20251022235903-3549681abaec h1:swgFXcUvEfwEHm60frXeZGxmH7Zhp+PRsicwStox53Y=
cloudeng.io/file v0.0.0-20251022235903-3549681abaec/go.mod h1:jiCbAhG39q/v5JSIqPl9QGcEtTeE3HRvo3ZnFcJttbM=
cloudeng.io/sync v0.0.8 h1:N8o5Qo5sjxwDktWIW/7rfK14O74jGS3pprefjF3EFKA=
cloudeng.io/sync v0.0.8/go.mod h1:76qdZzMQSN+iPeQxY9MSbnSELKQmcd9E6pnfRgWgN8s=
cloudeng.io/sys v0.0.0-20251022235903-3549681abaec h1:MTRiBPR2sxgbn1jlrvd3waWyZaGOyEh5Qg8OS35JUm4=
cloudeng.io/sys v0.0.0-20251022235903-3549681abaec/go.mod h1:3vhPQ7lOprxJJPlXk115Xgqsq7IFSoOyirpdYrmP9fU=
golang.org/x/sys v0.37.0 h1:fdNQudmxPjkdUTPnLn5mdQv7Zwvbvpaxqs831goi9kQ=
golang.org/x/sys v0.37.0/go.mod h1:OgkHotnGiDImocRcuBABYBEXf8A9a87e/uXjp9XT3ks=
